// !$*UTF8*$!
{
	archiveVersion = 1;
	classes = {
	};
	objectVersion = 46;
	objects = {

/* Begin PBXBuildFile section */
		EB0251D4174450C20036527B /* Drop.m in Sources */ = {isa = PBXBuildFile; fileRef = EB0251D3174450C20036527B /* Drop.m */; };
		EB1560B1173DA69B00468E6B /* LogInViewController.m in Sources */ = {isa = PBXBuildFile; fileRef = EB1560AE173DA69B00468E6B /* LogInViewController.m */; };
		EB1560B2173DA69B00468E6B /* SignUpViewController.m in Sources */ = {isa = PBXBuildFile; fileRef = EB1560B0173DA69B00468E6B /* SignUpViewController.m */; };
		EB1560B5173E933300468E6B /* logo.png in Resources */ = {isa = PBXBuildFile; fileRef = EB1560B3173E933300468E6B /* logo.png */; };
		EB1560B6173E933300468E6B /* logo@2x.png in Resources */ = {isa = PBXBuildFile; fileRef = EB1560B4173E933300468E6B /* logo@2x.png */; };
		EB1560B9173E945200468E6B /* loginBkg.png in Resources */ = {isa = PBXBuildFile; fileRef = EB1560B7173E945200468E6B /* loginBkg.png */; };
		EB1560BA173E945200468E6B /* loginBkg@2x.png in Resources */ = {isa = PBXBuildFile; fileRef = EB1560B8173E945200468E6B /* loginBkg@2x.png */; };
		EB1560C5173E9EBB00468E6B /* loginFieldsBkg.png in Resources */ = {isa = PBXBuildFile; fileRef = EB1560C3173E9EBB00468E6B /* loginFieldsBkg.png */; };
		EB1560C6173E9EBB00468E6B /* loginFieldsBkg@2x.png in Resources */ = {isa = PBXBuildFile; fileRef = EB1560C4173E9EBB00468E6B /* loginFieldsBkg@2x.png */; };
		EB1560CB173EAFD000468E6B /* registerButton.png in Resources */ = {isa = PBXBuildFile; fileRef = EB1560C7173EAFD000468E6B /* registerButton.png */; };
		EB1560CC173EAFD000468E6B /* loginButton.png in Resources */ = {isa = PBXBuildFile; fileRef = EB1560C8173EAFD000468E6B /* loginButton.png */; };
		EB1560CD173EAFD000468E6B /* registerButton@2x.png in Resources */ = {isa = PBXBuildFile; fileRef = EB1560C9173EAFD000468E6B /* registerButton@2x.png */; };
		EB1560CE173EAFD000468E6B /* loginButton@2x.png in Resources */ = {isa = PBXBuildFile; fileRef = EB1560CA173EAFD000468E6B /* loginButton@2x.png */; };
		EB1560D1173ECA8400468E6B /* registerPageButton.png in Resources */ = {isa = PBXBuildFile; fileRef = EB1560CF173ECA8400468E6B /* registerPageButton.png */; };
		EB1560D2173ECA8400468E6B /* registerPageButton@2x.png in Resources */ = {isa = PBXBuildFile; fileRef = EB1560D0173ECA8400468E6B /* registerPageButton@2x.png */; };
		EB1560D5173ECB5D00468E6B /* registerFieldsBkg.png in Resources */ = {isa = PBXBuildFile; fileRef = EB1560D3173ECB5D00468E6B /* registerFieldsBkg.png */; };
		EB1560D6173ECB5D00468E6B /* registerFieldsBkg@2x.png in Resources */ = {isa = PBXBuildFile; fileRef = EB1560D4173ECB5D00468E6B /* registerFieldsBkg@2x.png */; };
		EB1560D8173ED16100468E6B /* Localizable.strings in Resources */ = {isa = PBXBuildFile; fileRef = EB1560D7173ED16100468E6B /* Localizable.strings */; };
		EB1560DB17402F6E00468E6B /* DropboxDelegate.m in Sources */ = {isa = PBXBuildFile; fileRef = EB1560DA17402F6D00468E6B /* DropboxDelegate.m */; };
		EB15611C17427D6D00468E6B /* MagicalImportFunctions.m in Sources */ = {isa = PBXBuildFile; fileRef = EB1560E117427D6D00468E6B /* MagicalImportFunctions.m */; };
		EB15611D17427D6D00468E6B /* NSAttributeDescription+MagicalDataImport.m in Sources */ = {isa = PBXBuildFile; fileRef = EB1560E317427D6D00468E6B /* NSAttributeDescription+MagicalDataImport.m */; };
		EB15611E17427D6D00468E6B /* NSEntityDescription+MagicalDataImport.m in Sources */ = {isa = PBXBuildFile; fileRef = EB1560E517427D6D00468E6B /* NSEntityDescription+MagicalDataImport.m */; };
		EB15611F17427D6D00468E6B /* NSNumber+MagicalDataImport.m in Sources */ = {isa = PBXBuildFile; fileRef = EB1560E717427D6D00468E6B /* NSNumber+MagicalDataImport.m */; };
		EB15612017427D6D00468E6B /* NSObject+MagicalDataImport.m in Sources */ = {isa = PBXBuildFile; fileRef = EB1560E917427D6D00468E6B /* NSObject+MagicalDataImport.m */; };
		EB15612117427D6D00468E6B /* NSRelationshipDescription+MagicalDataImport.m in Sources */ = {isa = PBXBuildFile; fileRef = EB1560EB17427D6D00468E6B /* NSRelationshipDescription+MagicalDataImport.m */; };
		EB15612217427D6D00468E6B /* NSString+MagicalDataImport.m in Sources */ = {isa = PBXBuildFile; fileRef = EB1560ED17427D6D00468E6B /* NSString+MagicalDataImport.m */; };
		EB15612317427D6D00468E6B /* NSManagedObject+MagicalAggregation.m in Sources */ = {isa = PBXBuildFile; fileRef = EB1560F017427D6D00468E6B /* NSManagedObject+MagicalAggregation.m */; };
		EB15612417427D6D00468E6B /* NSManagedObject+MagicalDataImport.m in Sources */ = {isa = PBXBuildFile; fileRef = EB1560F217427D6D00468E6B /* NSManagedObject+MagicalDataImport.m */; };
		EB15612517427D6D00468E6B /* NSManagedObject+MagicalFinders.m in Sources */ = {isa = PBXBuildFile; fileRef = EB1560F417427D6D00468E6B /* NSManagedObject+MagicalFinders.m */; };
		EB15612617427D6D00468E6B /* NSManagedObject+MagicalRecord.m in Sources */ = {isa = PBXBuildFile; fileRef = EB1560F617427D6D00468E6B /* NSManagedObject+MagicalRecord.m */; };
		EB15612717427D6D00468E6B /* NSManagedObject+MagicalRequests.m in Sources */ = {isa = PBXBuildFile; fileRef = EB1560F817427D6D00468E6B /* NSManagedObject+MagicalRequests.m */; };
		EB15612817427D6D00468E6B /* NSManagedObjectContext+MagicalObserving.m in Sources */ = {isa = PBXBuildFile; fileRef = EB1560FB17427D6D00468E6B /* NSManagedObjectContext+MagicalObserving.m */; };
		EB15612917427D6D00468E6B /* NSManagedObjectContext+MagicalRecord.m in Sources */ = {isa = PBXBuildFile; fileRef = EB1560FD17427D6D00468E6B /* NSManagedObjectContext+MagicalRecord.m */; };
		EB15612A17427D6D00468E6B /* NSManagedObjectContext+MagicalSaves.m in Sources */ = {isa = PBXBuildFile; fileRef = EB1560FF17427D6D00468E6B /* NSManagedObjectContext+MagicalSaves.m */; };
		EB15612B17427D6D00468E6B /* NSManagedObjectContext+MagicalThreading.m in Sources */ = {isa = PBXBuildFile; fileRef = EB15610117427D6D00468E6B /* NSManagedObjectContext+MagicalThreading.m */; };
		EB15612C17427D6D00468E6B /* NSManagedObjectModel+MagicalRecord.m in Sources */ = {isa = PBXBuildFile; fileRef = EB15610317427D6D00468E6B /* NSManagedObjectModel+MagicalRecord.m */; };
		EB15612D17427D6D00468E6B /* NSPersistentStore+MagicalRecord.m in Sources */ = {isa = PBXBuildFile; fileRef = EB15610517427D6D00468E6B /* NSPersistentStore+MagicalRecord.m */; };
		EB15612E17427D6D00468E6B /* NSPersistentStoreCoordinator+MagicalRecord.m in Sources */ = {isa = PBXBuildFile; fileRef = EB15610717427D6D00468E6B /* NSPersistentStoreCoordinator+MagicalRecord.m */; };
		EB15612F17427D6D00468E6B /* MagicalRecord+Actions.m in Sources */ = {isa = PBXBuildFile; fileRef = EB15610A17427D6D00468E6B /* MagicalRecord+Actions.m */; };
		EB15613017427D6D00468E6B /* MagicalRecord+ErrorHandling.m in Sources */ = {isa = PBXBuildFile; fileRef = EB15610C17427D6D00468E6B /* MagicalRecord+ErrorHandling.m */; };
		EB15613117427D6D00468E6B /* MagicalRecord+iCloud.m in Sources */ = {isa = PBXBuildFile; fileRef = EB15610E17427D6D00468E6B /* MagicalRecord+iCloud.m */; };
		EB15613217427D6D00468E6B /* MagicalRecord+Options.m in Sources */ = {isa = PBXBuildFile; fileRef = EB15611017427D6D00468E6B /* MagicalRecord+Options.m */; };
		EB15613317427D6D00468E6B /* MagicalRecord+Setup.m in Sources */ = {isa = PBXBuildFile; fileRef = EB15611217427D6D00468E6B /* MagicalRecord+Setup.m */; };
		EB15613417427D6D00468E6B /* MagicalRecord+ShorthandSupport.m in Sources */ = {isa = PBXBuildFile; fileRef = EB15611417427D6D00468E6B /* MagicalRecord+ShorthandSupport.m */; };
		EB15613517427D6D00468E6B /* MagicalRecord.m in Sources */ = {isa = PBXBuildFile; fileRef = EB15611617427D6D00468E6B /* MagicalRecord.m */; };
		EB15613617427D6D00468E6B /* NPReachability.m in Sources */ = {isa = PBXBuildFile; fileRef = EB15611B17427D6D00468E6B /* NPReachability.m */; };
		EB15613E17427D8E00468E6B /* FTAParseSync.m in Sources */ = {isa = PBXBuildFile; fileRef = EB15613817427D8E00468E6B /* FTAParseSync.m */; };
		EB15613F17427D8E00468E6B /* FTASyncHandler.m in Sources */ = {isa = PBXBuildFile; fileRef = EB15613B17427D8E00468E6B /* FTASyncHandler.m */; };
		EB15614017427D8E00468E6B /* FTASyncParent.m in Sources */ = {isa = PBXBuildFile; fileRef = EB15613D17427D8E00468E6B /* FTASyncParent.m */; };
		EB15614217427DA400468E6B /* CoreData.framework in Frameworks */ = {isa = PBXBuildFile; fileRef = EB15614117427DA300468E6B /* CoreData.framework */; };
		EB15614517427DF400468E6B /* _FTASyncParent.m in Sources */ = {isa = PBXBuildFile; fileRef = EB15614417427DF400468E6B /* _FTASyncParent.m */; };
		EB1561481742C5AC00468E6B /* Model.xcdatamodeld in Sources */ = {isa = PBXBuildFile; fileRef = EB1561461742C5AC00468E6B /* Model.xcdatamodeld */; };
		EB4DD12D172DE5CF001D3070 /* UIKit.framework in Frameworks */ = {isa = PBXBuildFile; fileRef = EB4DD12C172DE5CF001D3070 /* UIKit.framework */; };
		EB4DD12F172DE5CF001D3070 /* Foundation.framework in Frameworks */ = {isa = PBXBuildFile; fileRef = EB4DD12E172DE5CF001D3070 /* Foundation.framework */; };
		EB4DD131172DE5CF001D3070 /* CoreGraphics.framework in Frameworks */ = {isa = PBXBuildFile; fileRef = EB4DD130172DE5CF001D3070 /* CoreGraphics.framework */; };
		EB4DD137172DE5CF001D3070 /* InfoPlist.strings in Resources */ = {isa = PBXBuildFile; fileRef = EB4DD135172DE5CF001D3070 /* InfoPlist.strings */; };
		EB4DD139172DE5CF001D3070 /* main.m in Sources */ = {isa = PBXBuildFile; fileRef = EB4DD138172DE5CF001D3070 /* main.m */; };
		EB4DD13D172DE5CF001D3070 /* AppDelegate.m in Sources */ = {isa = PBXBuildFile; fileRef = EB4DD13C172DE5CF001D3070 /* AppDelegate.m */; };
		EB4DD13F172DE5CF001D3070 /* Default.png in Resources */ = {isa = PBXBuildFile; fileRef = EB4DD13E172DE5CF001D3070 /* Default.png */; };
		EB4DD141172DE5CF001D3070 /* Default@2x.png in Resources */ = {isa = PBXBuildFile; fileRef = EB4DD140172DE5CF001D3070 /* Default@2x.png */; };
		EB4DD143172DE5CF001D3070 /* Default-568h@2x.png in Resources */ = {isa = PBXBuildFile; fileRef = EB4DD142172DE5CF001D3070 /* Default-568h@2x.png */; };
		EB4DD146172DE5CF001D3070 /* MainStoryboard.storyboard in Resources */ = {isa = PBXBuildFile; fileRef = EB4DD144172DE5CF001D3070 /* MainStoryboard.storyboard */; };
		EB4DD149172DE5CF001D3070 /* ViewController.m in Sources */ = {isa = PBXBuildFile; fileRef = EB4DD148172DE5CF001D3070 /* ViewController.m */; };
		EB4DD150172DE5DF001D3070 /* icon72.png in Resources */ = {isa = PBXBuildFile; fileRef = EB4DD14F172DE5DF001D3070 /* icon72.png */; };
		EB4DD152172DE5E2001D3070 /* icon144.png in Resources */ = {isa = PBXBuildFile; fileRef = EB4DD151172DE5E2001D3070 /* icon144.png */; };
		EB4DD154172DE609001D3070 /* MapKit.framework in Frameworks */ = {isa = PBXBuildFile; fileRef = EB4DD153172DE609001D3070 /* MapKit.framework */; };
		EB4DD156172DE618001D3070 /* CoreLocation.framework in Frameworks */ = {isa = PBXBuildFile; fileRef = EB4DD155172DE618001D3070 /* CoreLocation.framework */; };
		EBCE27301735700B00A63696 /* DropboxSDK.framework in Frameworks */ = {isa = PBXBuildFile; fileRef = EBCE272F1735700B00A63696 /* DropboxSDK.framework */; };
		EBCE273A1735A42C00A63696 /* BButton.m in Sources */ = {isa = PBXBuildFile; fileRef = EBCE27331735A42C00A63696 /* BButton.m */; };
		EBCE273B1735A42C00A63696 /* NSString+FontAwesome.m in Sources */ = {isa = PBXBuildFile; fileRef = EBCE27351735A42C00A63696 /* NSString+FontAwesome.m */; };
		EBCE273C1735A42C00A63696 /* FontAwesome.ttf in Resources */ = {isa = PBXBuildFile; fileRef = EBCE27371735A42C00A63696 /* FontAwesome.ttf */; };
		EBCE273D1735A42C00A63696 /* UIColor+BButton.m in Sources */ = {isa = PBXBuildFile; fileRef = EBCE27391735A42C00A63696 /* UIColor+BButton.m */; };
		EBCE27431735A6F600A63696 /* libTestFlight.a in Frameworks */ = {isa = PBXBuildFile; fileRef = EBCE273F1735A6F600A63696 /* libTestFlight.a */; };
		EBCE27441735A6F600A63696 /* README.md in Resources */ = {isa = PBXBuildFile; fileRef = EBCE27401735A6F600A63696 /* README.md */; };
		EBCE27451735A6F600A63696 /* release_notes.md in Resources */ = {isa = PBXBuildFile; fileRef = EBCE27411735A6F600A63696 /* release_notes.md */; };
		EBCE27471735A72800A63696 /* libz.dylib in Frameworks */ = {isa = PBXBuildFile; fileRef = EBCE27461735A72800A63696 /* libz.dylib */; };
		EBCE27491736E4E300A63696 /* Parse.framework in Frameworks */ = {isa = PBXBuildFile; fileRef = EBCE27481736E4E300A63696 /* Parse.framework */; };
		EBCE274B1736ED4100A63696 /* StoreKit.framework in Frameworks */ = {isa = PBXBuildFile; fileRef = EBCE274A1736ED4100A63696 /* StoreKit.framework */; };
		EBCE274D1736ED5500A63696 /* AudioToolbox.framework in Frameworks */ = {isa = PBXBuildFile; fileRef = EBCE274C1736ED5500A63696 /* AudioToolbox.framework */; };
		EBCE274F1736ED7900A63696 /* CFNetwork.framework in Frameworks */ = {isa = PBXBuildFile; fileRef = EBCE274E1736ED7900A63696 /* CFNetwork.framework */; };
		EBCE27511736ED8600A63696 /* MobileCoreServices.framework in Frameworks */ = {isa = PBXBuildFile; fileRef = EBCE27501736ED8600A63696 /* MobileCoreServices.framework */; };
		EBCE27531736ED9000A63696 /* SystemConfiguration.framework in Frameworks */ = {isa = PBXBuildFile; fileRef = EBCE27521736ED9000A63696 /* SystemConfiguration.framework */; };
		EBE813CD17529F0D001AC56D /* UserBubbleColor.m in Sources */ = {isa = PBXBuildFile; fileRef = EBE813C517529F0D001AC56D /* UserBubbleColor.m */; };
		EBE813CE17529F0D001AC56D /* UserBubble.m in Sources */ = {isa = PBXBuildFile; fileRef = EBE813C717529F0D001AC56D /* UserBubble.m */; };
		EBE813CF17529F0D001AC56D /* UserPickerView.m in Sources */ = {isa = PBXBuildFile; fileRef = EBE813C917529F0D001AC56D /* UserPickerView.m */; };
		EBE813D017529F0D001AC56D /* UserPickerViewController.m in Sources */ = {isa = PBXBuildFile; fileRef = EBE813CB17529F0D001AC56D /* UserPickerViewController.m */; };
		EBE813D117529F0D001AC56D /* UserPickerViewController.xib in Resources */ = {isa = PBXBuildFile; fileRef = EBE813CC17529F0D001AC56D /* UserPickerViewController.xib */; };
		EBE813D41753FF00001AC56D /* GIKPopoverBackgroundView.m in Sources */ = {isa = PBXBuildFile; fileRef = EBE813D31753FD45001AC56D /* GIKPopoverBackgroundView.m */; };
		EBE813E41754001E001AC56D /* PopoverBackgroundArrowDown.png in Resources */ = {isa = PBXBuildFile; fileRef = EBE813D61754001E001AC56D /* PopoverBackgroundArrowDown.png */; };
		EBE813E51754001E001AC56D /* PopoverBackgroundArrowDown@2x.png in Resources */ = {isa = PBXBuildFile; fileRef = EBE813D71754001E001AC56D /* PopoverBackgroundArrowDown@2x.png */; };
		EBE813E61754001E001AC56D /* PopoverBackgroundArrowDownRight.png in Resources */ = {isa = PBXBuildFile; fileRef = EBE813D81754001E001AC56D /* PopoverBackgroundArrowDownRight.png */; };
		EBE813E71754001E001AC56D /* PopoverBackgroundArrowDownRight@2x.png in Resources */ = {isa = PBXBuildFile; fileRef = EBE813D91754001E001AC56D /* PopoverBackgroundArrowDownRight@2x.png */; };
		EBE813E81754001E001AC56D /* PopoverBackgroundArrowSide.png in Resources */ = {isa = PBXBuildFile; fileRef = EBE813DA1754001E001AC56D /* PopoverBackgroundArrowSide.png */; };
		EBE813E91754001E001AC56D /* PopoverBackgroundArrowSide@2x.png in Resources */ = {isa = PBXBuildFile; fileRef = EBE813DB1754001E001AC56D /* PopoverBackgroundArrowSide@2x.png */; };
		EBE813EA1754001E001AC56D /* PopoverBackgroundArrowSideBottom.png in Resources */ = {isa = PBXBuildFile; fileRef = EBE813DC1754001E001AC56D /* PopoverBackgroundArrowSideBottom.png */; };
		EBE813EB1754001E001AC56D /* PopoverBackgroundArrowSideBottom@2x.png in Resources */ = {isa = PBXBuildFile; fileRef = EBE813DD1754001E001AC56D /* PopoverBackgroundArrowSideBottom@2x.png */; };
		EBE813EC1754001E001AC56D /* PopoverBackgroundArrowSideTop.png in Resources */ = {isa = PBXBuildFile; fileRef = EBE813DE1754001E001AC56D /* PopoverBackgroundArrowSideTop.png */; };
		EBE813ED1754001E001AC56D /* PopoverBackgroundArrowSideTop@2x.png in Resources */ = {isa = PBXBuildFile; fileRef = EBE813DF1754001E001AC56D /* PopoverBackgroundArrowSideTop@2x.png */; };
		EBE813EE1754001E001AC56D /* PopoverBackgroundArrowUp.png in Resources */ = {isa = PBXBuildFile; fileRef = EBE813E01754001E001AC56D /* PopoverBackgroundArrowUp.png */; };
		EBE813EF1754001E001AC56D /* PopoverBackgroundArrowUp@2x.png in Resources */ = {isa = PBXBuildFile; fileRef = EBE813E11754001E001AC56D /* PopoverBackgroundArrowUp@2x.png */; };
		EBE813F01754001E001AC56D /* PopoverBackgroundArrowUpRight.png in Resources */ = {isa = PBXBuildFile; fileRef = EBE813E21754001E001AC56D /* PopoverBackgroundArrowUpRight.png */; };
		EBE813F11754001E001AC56D /* PopoverBackgroundArrowUpRight@2x.png in Resources */ = {isa = PBXBuildFile; fileRef = EBE813E31754001E001AC56D /* PopoverBackgroundArrowUpRight@2x.png */; };
		EBE813F51754DC62001AC56D /* FrameAccessor.m in Sources */ = {isa = PBXBuildFile; fileRef = EBE813F41754DC62001AC56D /* FrameAccessor.m */; };
		EBF331FE1730797B006D690E /* QuartzCore.framework in Frameworks */ = {isa = PBXBuildFile; fileRef = EBF331FD1730797B006D690E /* QuartzCore.framework */; };
		EBF3320A1731C32B006D690E /* MapViewDelegate.m in Sources */ = {isa = PBXBuildFile; fileRef = EBF332091731C32B006D690E /* MapViewDelegate.m */; };
		EBF3320E1731C4C1006D690E /* DroppedPinViewController.m in Sources */ = {isa = PBXBuildFile; fileRef = EBF3320C1731C4C1006D690E /* DroppedPinViewController.m */; };
		EBF3320F1731C4C1006D690E /* DroppedPinViewController.xib in Resources */ = {isa = PBXBuildFile; fileRef = EBF3320D1731C4C1006D690E /* DroppedPinViewController.xib */; };
		EBF3321717333DF1006D690E /* settingsIcon.png in Resources */ = {isa = PBXBuildFile; fileRef = EBF3321517333DF1006D690E /* settingsIcon.png */; };
		EBF3321817333DF1006D690E /* settingsIcon@2x.png in Resources */ = {isa = PBXBuildFile; fileRef = EBF3321617333DF1006D690E /* settingsIcon@2x.png */; };
		EBF3321D17355DB4006D690E /* Default-Portrait~ipad.png in Resources */ = {isa = PBXBuildFile; fileRef = EBF3321C17355DB4006D690E /* Default-Portrait~ipad.png */; };
		EBF3321F17355DBB006D690E /* Default-Portrait@2x~ipad.png in Resources */ = {isa = PBXBuildFile; fileRef = EBF3321E17355DBB006D690E /* Default-Portrait@2x~ipad.png */; };
		EBF3322117355DC5006D690E /* Default-Landscape~ipad.png in Resources */ = {isa = PBXBuildFile; fileRef = EBF3322017355DC5006D690E /* Default-Landscape~ipad.png */; };
		EBF3322317355DCA006D690E /* Default-Landscape@2x~ipad.png in Resources */ = {isa = PBXBuildFile; fileRef = EBF3322217355DC9006D690E /* Default-Landscape@2x~ipad.png */; };
		EBF332A717356305006D690E /* Security.framework in Frameworks */ = {isa = PBXBuildFile; fileRef = EBF332A617356305006D690E /* Security.framework */; };
		EBF33357173564F4006D690E /* browseDirectoryIcon.png in Resources */ = {isa = PBXBuildFile; fileRef = EBF33346173564F2006D690E /* browseDirectoryIcon.png */; };
		EBF33358173564F4006D690E /* browseDirectoryIcon@2x.png in Resources */ = {isa = PBXBuildFile; fileRef = EBF33347173564F2006D690E /* browseDirectoryIcon@2x.png */; };
		EBF33359173564F4006D690E /* downloadIcon.png in Resources */ = {isa = PBXBuildFile; fileRef = EBF33348173564F2006D690E /* downloadIcon.png */; };
		EBF3335A173564F4006D690E /* downloadIcon@2x.png in Resources */ = {isa = PBXBuildFile; fileRef = EBF33349173564F2006D690E /* downloadIcon@2x.png */; };
		EBF3335B173564F4006D690E /* dropboxDirIcon.png in Resources */ = {isa = PBXBuildFile; fileRef = EBF3334A173564F2006D690E /* dropboxDirIcon.png */; };
		EBF3335C173564F4006D690E /* dropboxDirIcon@2x.png in Resources */ = {isa = PBXBuildFile; fileRef = EBF3334B173564F2006D690E /* dropboxDirIcon@2x.png */; };
		EBF3335D173564F4006D690E /* pdfFileIcon.png in Resources */ = {isa = PBXBuildFile; fileRef = EBF3334C173564F2006D690E /* pdfFileIcon.png */; };
		EBF3335E173564F4006D690E /* pdfFileIcon@2x.png in Resources */ = {isa = PBXBuildFile; fileRef = EBF3334D173564F2006D690E /* pdfFileIcon@2x.png */; };
		EBF3335F173564F4006D690E /* KioskDropboxPDFBrowserViewController.m in Sources */ = {isa = PBXBuildFile; fileRef = EBF3334F173564F2006D690E /* KioskDropboxPDFBrowserViewController.m */; };
		EBF33360173564F4006D690E /* KioskDropboxPDFDataController.m in Sources */ = {isa = PBXBuildFile; fileRef = EBF33351173564F3006D690E /* KioskDropboxPDFDataController.m */; };
		EBF33361173564F4006D690E /* KioskDropboxPDFRootViewController.m in Sources */ = {isa = PBXBuildFile; fileRef = EBF33353173564F3006D690E /* KioskDropboxPDFRootViewController.m */; };
		EBF33362173564F4006D690E /* MBProgressHUD.m in Sources */ = {isa = PBXBuildFile; fileRef = EBF33356173564F4006D690E /* MBProgressHUD.m */; };
		EBF33366173566B6006D690E /* SettingsViewController.m in Sources */ = {isa = PBXBuildFile; fileRef = EBF33365173566B6006D690E /* SettingsViewController.m */; };
		EBF3336917356BD1006D690E /* MainStoryboard_iPad.storyboard in Resources */ = {isa = PBXBuildFile; fileRef = EBF3336717356BD1006D690E /* MainStoryboard_iPad.storyboard */; };
		EBF3336A17356BD1006D690E /* MainStoryboard_iPhone.storyboard in Resources */ = {isa = PBXBuildFile; fileRef = EBF3336817356BD1006D690E /* MainStoryboard_iPhone.storyboard */; };
		EBFFF6271748674A00BCDB33 /* PreviewController.m in Sources */ = {isa = PBXBuildFile; fileRef = EBFFF6261748674A00BCDB33 /* PreviewController.m */; };
		EBFFF62917486A1E00BCDB33 /* QuickLook.framework in Frameworks */ = {isa = PBXBuildFile; fileRef = EBFFF62817486A1D00BCDB33 /* QuickLook.framework */; };
/* End PBXBuildFile section */

/* Begin PBXFileReference section */
		EB0251D2174450C20036527B /* Drop.h */ = {isa = PBXFileReference; fileEncoding = 4; lastKnownFileType = sourcecode.c.h; path = Drop.h; sourceTree = "<group>"; };
		EB0251D3174450C20036527B /* Drop.m */ = {isa = PBXFileReference; fileEncoding = 4; lastKnownFileType = sourcecode.c.objc; path = Drop.m; sourceTree = "<group>"; };
		EB1560AD173DA69B00468E6B /* LogInViewController.h */ = {isa = PBXFileReference; fileEncoding = 4; lastKnownFileType = sourcecode.c.h; path = LogInViewController.h; sourceTree = "<group>"; };
		EB1560AE173DA69B00468E6B /* LogInViewController.m */ = {isa = PBXFileReference; fileEncoding = 4; lastKnownFileType = sourcecode.c.objc; path = LogInViewController.m; sourceTree = "<group>"; };
		EB1560AF173DA69B00468E6B /* SignUpViewController.h */ = {isa = PBXFileReference; fileEncoding = 4; lastKnownFileType = sourcecode.c.h; path = SignUpViewController.h; sourceTree = "<group>"; };
		EB1560B0173DA69B00468E6B /* SignUpViewController.m */ = {isa = PBXFileReference; fileEncoding = 4; lastKnownFileType = sourcecode.c.objc; path = SignUpViewController.m; sourceTree = "<group>"; };
		EB1560B3173E933300468E6B /* logo.png */ = {isa = PBXFileReference; lastKnownFileType = image.png; path = logo.png; sourceTree = "<group>"; };
		EB1560B4173E933300468E6B /* logo@2x.png */ = {isa = PBXFileReference; lastKnownFileType = image.png; path = "logo@2x.png"; sourceTree = "<group>"; };
		EB1560B7173E945200468E6B /* loginBkg.png */ = {isa = PBXFileReference; lastKnownFileType = image.png; path = loginBkg.png; sourceTree = "<group>"; };
		EB1560B8173E945200468E6B /* loginBkg@2x.png */ = {isa = PBXFileReference; lastKnownFileType = image.png; path = "loginBkg@2x.png"; sourceTree = "<group>"; };
		EB1560C3173E9EBB00468E6B /* loginFieldsBkg.png */ = {isa = PBXFileReference; lastKnownFileType = image.png; path = loginFieldsBkg.png; sourceTree = "<group>"; };
		EB1560C4173E9EBB00468E6B /* loginFieldsBkg@2x.png */ = {isa = PBXFileReference; lastKnownFileType = image.png; path = "loginFieldsBkg@2x.png"; sourceTree = "<group>"; };
		EB1560C7173EAFD000468E6B /* registerButton.png */ = {isa = PBXFileReference; lastKnownFileType = image.png; path = registerButton.png; sourceTree = "<group>"; };
		EB1560C8173EAFD000468E6B /* loginButton.png */ = {isa = PBXFileReference; lastKnownFileType = image.png; path = loginButton.png; sourceTree = "<group>"; };
		EB1560C9173EAFD000468E6B /* registerButton@2x.png */ = {isa = PBXFileReference; lastKnownFileType = image.png; path = "registerButton@2x.png"; sourceTree = "<group>"; };
		EB1560CA173EAFD000468E6B /* loginButton@2x.png */ = {isa = PBXFileReference; lastKnownFileType = image.png; path = "loginButton@2x.png"; sourceTree = "<group>"; };
		EB1560CF173ECA8400468E6B /* registerPageButton.png */ = {isa = PBXFileReference; lastKnownFileType = image.png; path = registerPageButton.png; sourceTree = "<group>"; };
		EB1560D0173ECA8400468E6B /* registerPageButton@2x.png */ = {isa = PBXFileReference; lastKnownFileType = image.png; path = "registerPageButton@2x.png"; sourceTree = "<group>"; };
		EB1560D3173ECB5D00468E6B /* registerFieldsBkg.png */ = {isa = PBXFileReference; lastKnownFileType = image.png; path = registerFieldsBkg.png; sourceTree = "<group>"; };
		EB1560D4173ECB5D00468E6B /* registerFieldsBkg@2x.png */ = {isa = PBXFileReference; lastKnownFileType = image.png; path = "registerFieldsBkg@2x.png"; sourceTree = "<group>"; };
		EB1560D7173ED16100468E6B /* Localizable.strings */ = {isa = PBXFileReference; fileEncoding = 4; lastKnownFileType = text.plist.strings; path = Localizable.strings; sourceTree = "<group>"; };
		EB1560D917402F6D00468E6B /* DropboxDelegate.h */ = {isa = PBXFileReference; fileEncoding = 4; lastKnownFileType = sourcecode.c.h; path = DropboxDelegate.h; sourceTree = "<group>"; };
		EB1560DA17402F6D00468E6B /* DropboxDelegate.m */ = {isa = PBXFileReference; fileEncoding = 4; lastKnownFileType = sourcecode.c.objc; path = DropboxDelegate.m; sourceTree = "<group>"; };
		EB1560E017427D6D00468E6B /* MagicalImportFunctions.h */ = {isa = PBXFileReference; fileEncoding = 4; lastKnownFileType = sourcecode.c.h; path = MagicalImportFunctions.h; sourceTree = "<group>"; };
		EB1560E117427D6D00468E6B /* MagicalImportFunctions.m */ = {isa = PBXFileReference; fileEncoding = 4; lastKnownFileType = sourcecode.c.objc; path = MagicalImportFunctions.m; sourceTree = "<group>"; };
		EB1560E217427D6D00468E6B /* NSAttributeDescription+MagicalDataImport.h */ = {isa = PBXFileReference; fileEncoding = 4; lastKnownFileType = sourcecode.c.h; path = "NSAttributeDescription+MagicalDataImport.h"; sourceTree = "<group>"; };
		EB1560E317427D6D00468E6B /* NSAttributeDescription+MagicalDataImport.m */ = {isa = PBXFileReference; fileEncoding = 4; lastKnownFileType = sourcecode.c.objc; path = "NSAttributeDescription+MagicalDataImport.m"; sourceTree = "<group>"; };
		EB1560E417427D6D00468E6B /* NSEntityDescription+MagicalDataImport.h */ = {isa = PBXFileReference; fileEncoding = 4; lastKnownFileType = sourcecode.c.h; path = "NSEntityDescription+MagicalDataImport.h"; sourceTree = "<group>"; };
		EB1560E517427D6D00468E6B /* NSEntityDescription+MagicalDataImport.m */ = {isa = PBXFileReference; fileEncoding = 4; lastKnownFileType = sourcecode.c.objc; path = "NSEntityDescription+MagicalDataImport.m"; sourceTree = "<group>"; };
		EB1560E617427D6D00468E6B /* NSNumber+MagicalDataImport.h */ = {isa = PBXFileReference; fileEncoding = 4; lastKnownFileType = sourcecode.c.h; path = "NSNumber+MagicalDataImport.h"; sourceTree = "<group>"; };
		EB1560E717427D6D00468E6B /* NSNumber+MagicalDataImport.m */ = {isa = PBXFileReference; fileEncoding = 4; lastKnownFileType = sourcecode.c.objc; path = "NSNumber+MagicalDataImport.m"; sourceTree = "<group>"; };
		EB1560E817427D6D00468E6B /* NSObject+MagicalDataImport.h */ = {isa = PBXFileReference; fileEncoding = 4; lastKnownFileType = sourcecode.c.h; path = "NSObject+MagicalDataImport.h"; sourceTree = "<group>"; };
		EB1560E917427D6D00468E6B /* NSObject+MagicalDataImport.m */ = {isa = PBXFileReference; fileEncoding = 4; lastKnownFileType = sourcecode.c.objc; path = "NSObject+MagicalDataImport.m"; sourceTree = "<group>"; };
		EB1560EA17427D6D00468E6B /* NSRelationshipDescription+MagicalDataImport.h */ = {isa = PBXFileReference; fileEncoding = 4; lastKnownFileType = sourcecode.c.h; path = "NSRelationshipDescription+MagicalDataImport.h"; sourceTree = "<group>"; };
		EB1560EB17427D6D00468E6B /* NSRelationshipDescription+MagicalDataImport.m */ = {isa = PBXFileReference; fileEncoding = 4; lastKnownFileType = sourcecode.c.objc; path = "NSRelationshipDescription+MagicalDataImport.m"; sourceTree = "<group>"; };
		EB1560EC17427D6D00468E6B /* NSString+MagicalDataImport.h */ = {isa = PBXFileReference; fileEncoding = 4; lastKnownFileType = sourcecode.c.h; path = "NSString+MagicalDataImport.h"; sourceTree = "<group>"; };
		EB1560ED17427D6D00468E6B /* NSString+MagicalDataImport.m */ = {isa = PBXFileReference; fileEncoding = 4; lastKnownFileType = sourcecode.c.objc; path = "NSString+MagicalDataImport.m"; sourceTree = "<group>"; };
		EB1560EF17427D6D00468E6B /* NSManagedObject+MagicalAggregation.h */ = {isa = PBXFileReference; fileEncoding = 4; lastKnownFileType = sourcecode.c.h; path = "NSManagedObject+MagicalAggregation.h"; sourceTree = "<group>"; };
		EB1560F017427D6D00468E6B /* NSManagedObject+MagicalAggregation.m */ = {isa = PBXFileReference; fileEncoding = 4; lastKnownFileType = sourcecode.c.objc; path = "NSManagedObject+MagicalAggregation.m"; sourceTree = "<group>"; };
		EB1560F117427D6D00468E6B /* NSManagedObject+MagicalDataImport.h */ = {isa = PBXFileReference; fileEncoding = 4; lastKnownFileType = sourcecode.c.h; path = "NSManagedObject+MagicalDataImport.h"; sourceTree = "<group>"; };
		EB1560F217427D6D00468E6B /* NSManagedObject+MagicalDataImport.m */ = {isa = PBXFileReference; fileEncoding = 4; lastKnownFileType = sourcecode.c.objc; path = "NSManagedObject+MagicalDataImport.m"; sourceTree = "<group>"; };
		EB1560F317427D6D00468E6B /* NSManagedObject+MagicalFinders.h */ = {isa = PBXFileReference; fileEncoding = 4; lastKnownFileType = sourcecode.c.h; path = "NSManagedObject+MagicalFinders.h"; sourceTree = "<group>"; };
		EB1560F417427D6D00468E6B /* NSManagedObject+MagicalFinders.m */ = {isa = PBXFileReference; fileEncoding = 4; lastKnownFileType = sourcecode.c.objc; path = "NSManagedObject+MagicalFinders.m"; sourceTree = "<group>"; };
		EB1560F517427D6D00468E6B /* NSManagedObject+MagicalRecord.h */ = {isa = PBXFileReference; fileEncoding = 4; lastKnownFileType = sourcecode.c.h; path = "NSManagedObject+MagicalRecord.h"; sourceTree = "<group>"; };
		EB1560F617427D6D00468E6B /* NSManagedObject+MagicalRecord.m */ = {isa = PBXFileReference; fileEncoding = 4; lastKnownFileType = sourcecode.c.objc; path = "NSManagedObject+MagicalRecord.m"; sourceTree = "<group>"; };
		EB1560F717427D6D00468E6B /* NSManagedObject+MagicalRequests.h */ = {isa = PBXFileReference; fileEncoding = 4; lastKnownFileType = sourcecode.c.h; path = "NSManagedObject+MagicalRequests.h"; sourceTree = "<group>"; };
		EB1560F817427D6D00468E6B /* NSManagedObject+MagicalRequests.m */ = {isa = PBXFileReference; fileEncoding = 4; lastKnownFileType = sourcecode.c.objc; path = "NSManagedObject+MagicalRequests.m"; sourceTree = "<group>"; };
		EB1560FA17427D6D00468E6B /* NSManagedObjectContext+MagicalObserving.h */ = {isa = PBXFileReference; fileEncoding = 4; lastKnownFileType = sourcecode.c.h; path = "NSManagedObjectContext+MagicalObserving.h"; sourceTree = "<group>"; };
		EB1560FB17427D6D00468E6B /* NSManagedObjectContext+MagicalObserving.m */ = {isa = PBXFileReference; fileEncoding = 4; lastKnownFileType = sourcecode.c.objc; path = "NSManagedObjectContext+MagicalObserving.m"; sourceTree = "<group>"; };
		EB1560FC17427D6D00468E6B /* NSManagedObjectContext+MagicalRecord.h */ = {isa = PBXFileReference; fileEncoding = 4; lastKnownFileType = sourcecode.c.h; path = "NSManagedObjectContext+MagicalRecord.h"; sourceTree = "<group>"; };
		EB1560FD17427D6D00468E6B /* NSManagedObjectContext+MagicalRecord.m */ = {isa = PBXFileReference; fileEncoding = 4; lastKnownFileType = sourcecode.c.objc; path = "NSManagedObjectContext+MagicalRecord.m"; sourceTree = "<group>"; };
		EB1560FE17427D6D00468E6B /* NSManagedObjectContext+MagicalSaves.h */ = {isa = PBXFileReference; fileEncoding = 4; lastKnownFileType = sourcecode.c.h; path = "NSManagedObjectContext+MagicalSaves.h"; sourceTree = "<group>"; };
		EB1560FF17427D6D00468E6B /* NSManagedObjectContext+MagicalSaves.m */ = {isa = PBXFileReference; fileEncoding = 4; lastKnownFileType = sourcecode.c.objc; path = "NSManagedObjectContext+MagicalSaves.m"; sourceTree = "<group>"; };
		EB15610017427D6D00468E6B /* NSManagedObjectContext+MagicalThreading.h */ = {isa = PBXFileReference; fileEncoding = 4; lastKnownFileType = sourcecode.c.h; path = "NSManagedObjectContext+MagicalThreading.h"; sourceTree = "<group>"; };
		EB15610117427D6D00468E6B /* NSManagedObjectContext+MagicalThreading.m */ = {isa = PBXFileReference; fileEncoding = 4; lastKnownFileType = sourcecode.c.objc; path = "NSManagedObjectContext+MagicalThreading.m"; sourceTree = "<group>"; };
		EB15610217427D6D00468E6B /* NSManagedObjectModel+MagicalRecord.h */ = {isa = PBXFileReference; fileEncoding = 4; lastKnownFileType = sourcecode.c.h; path = "NSManagedObjectModel+MagicalRecord.h"; sourceTree = "<group>"; };
		EB15610317427D6D00468E6B /* NSManagedObjectModel+MagicalRecord.m */ = {isa = PBXFileReference; fileEncoding = 4; lastKnownFileType = sourcecode.c.objc; path = "NSManagedObjectModel+MagicalRecord.m"; sourceTree = "<group>"; };
		EB15610417427D6D00468E6B /* NSPersistentStore+MagicalRecord.h */ = {isa = PBXFileReference; fileEncoding = 4; lastKnownFileType = sourcecode.c.h; path = "NSPersistentStore+MagicalRecord.h"; sourceTree = "<group>"; };
		EB15610517427D6D00468E6B /* NSPersistentStore+MagicalRecord.m */ = {isa = PBXFileReference; fileEncoding = 4; lastKnownFileType = sourcecode.c.objc; path = "NSPersistentStore+MagicalRecord.m"; sourceTree = "<group>"; };
		EB15610617427D6D00468E6B /* NSPersistentStoreCoordinator+MagicalRecord.h */ = {isa = PBXFileReference; fileEncoding = 4; lastKnownFileType = sourcecode.c.h; path = "NSPersistentStoreCoordinator+MagicalRecord.h"; sourceTree = "<group>"; };
		EB15610717427D6D00468E6B /* NSPersistentStoreCoordinator+MagicalRecord.m */ = {isa = PBXFileReference; fileEncoding = 4; lastKnownFileType = sourcecode.c.objc; path = "NSPersistentStoreCoordinator+MagicalRecord.m"; sourceTree = "<group>"; };
		EB15610917427D6D00468E6B /* MagicalRecord+Actions.h */ = {isa = PBXFileReference; fileEncoding = 4; lastKnownFileType = sourcecode.c.h; path = "MagicalRecord+Actions.h"; sourceTree = "<group>"; };
		EB15610A17427D6D00468E6B /* MagicalRecord+Actions.m */ = {isa = PBXFileReference; fileEncoding = 4; lastKnownFileType = sourcecode.c.objc; path = "MagicalRecord+Actions.m"; sourceTree = "<group>"; };
		EB15610B17427D6D00468E6B /* MagicalRecord+ErrorHandling.h */ = {isa = PBXFileReference; fileEncoding = 4; lastKnownFileType = sourcecode.c.h; path = "MagicalRecord+ErrorHandling.h"; sourceTree = "<group>"; };
		EB15610C17427D6D00468E6B /* MagicalRecord+ErrorHandling.m */ = {isa = PBXFileReference; fileEncoding = 4; lastKnownFileType = sourcecode.c.objc; path = "MagicalRecord+ErrorHandling.m"; sourceTree = "<group>"; };
		EB15610D17427D6D00468E6B /* MagicalRecord+iCloud.h */ = {isa = PBXFileReference; fileEncoding = 4; lastKnownFileType = sourcecode.c.h; path = "MagicalRecord+iCloud.h"; sourceTree = "<group>"; };
		EB15610E17427D6D00468E6B /* MagicalRecord+iCloud.m */ = {isa = PBXFileReference; fileEncoding = 4; lastKnownFileType = sourcecode.c.objc; path = "MagicalRecord+iCloud.m"; sourceTree = "<group>"; };
		EB15610F17427D6D00468E6B /* MagicalRecord+Options.h */ = {isa = PBXFileReference; fileEncoding = 4; lastKnownFileType = sourcecode.c.h; path = "MagicalRecord+Options.h"; sourceTree = "<group>"; };
		EB15611017427D6D00468E6B /* MagicalRecord+Options.m */ = {isa = PBXFileReference; fileEncoding = 4; lastKnownFileType = sourcecode.c.objc; path = "MagicalRecord+Options.m"; sourceTree = "<group>"; };
		EB15611117427D6D00468E6B /* MagicalRecord+Setup.h */ = {isa = PBXFileReference; fileEncoding = 4; lastKnownFileType = sourcecode.c.h; path = "MagicalRecord+Setup.h"; sourceTree = "<group>"; };
		EB15611217427D6D00468E6B /* MagicalRecord+Setup.m */ = {isa = PBXFileReference; fileEncoding = 4; lastKnownFileType = sourcecode.c.objc; path = "MagicalRecord+Setup.m"; sourceTree = "<group>"; };
		EB15611317427D6D00468E6B /* MagicalRecord+ShorthandSupport.h */ = {isa = PBXFileReference; fileEncoding = 4; lastKnownFileType = sourcecode.c.h; path = "MagicalRecord+ShorthandSupport.h"; sourceTree = "<group>"; };
		EB15611417427D6D00468E6B /* MagicalRecord+ShorthandSupport.m */ = {isa = PBXFileReference; fileEncoding = 4; lastKnownFileType = sourcecode.c.objc; path = "MagicalRecord+ShorthandSupport.m"; sourceTree = "<group>"; };
		EB15611517427D6D00468E6B /* MagicalRecord.h */ = {isa = PBXFileReference; fileEncoding = 4; lastKnownFileType = sourcecode.c.h; path = MagicalRecord.h; sourceTree = "<group>"; };
		EB15611617427D6D00468E6B /* MagicalRecord.m */ = {isa = PBXFileReference; fileEncoding = 4; lastKnownFileType = sourcecode.c.objc; path = MagicalRecord.m; sourceTree = "<group>"; };
		EB15611717427D6D00468E6B /* MagicalRecordShorthand.h */ = {isa = PBXFileReference; fileEncoding = 4; lastKnownFileType = sourcecode.c.h; path = MagicalRecordShorthand.h; sourceTree = "<group>"; };
		EB15611817427D6D00468E6B /* CoreData+MagicalRecord.h */ = {isa = PBXFileReference; fileEncoding = 4; lastKnownFileType = sourcecode.c.h; path = "CoreData+MagicalRecord.h"; sourceTree = "<group>"; };
		EB15611A17427D6D00468E6B /* NPReachability.h */ = {isa = PBXFileReference; fileEncoding = 4; lastKnownFileType = sourcecode.c.h; path = NPReachability.h; sourceTree = "<group>"; };
		EB15611B17427D6D00468E6B /* NPReachability.m */ = {isa = PBXFileReference; fileEncoding = 4; lastKnownFileType = sourcecode.c.objc; path = NPReachability.m; sourceTree = "<group>"; };
		EB15613717427D8E00468E6B /* FTAParseSync.h */ = {isa = PBXFileReference; fileEncoding = 4; lastKnownFileType = sourcecode.c.h; path = FTAParseSync.h; sourceTree = "<group>"; };
		EB15613817427D8E00468E6B /* FTAParseSync.m */ = {isa = PBXFileReference; fileEncoding = 4; lastKnownFileType = sourcecode.c.objc; path = FTAParseSync.m; sourceTree = "<group>"; };
		EB15613917427D8E00468E6B /* FTASync.h */ = {isa = PBXFileReference; fileEncoding = 4; lastKnownFileType = sourcecode.c.h; path = FTASync.h; sourceTree = "<group>"; };
		EB15613A17427D8E00468E6B /* FTASyncHandler.h */ = {isa = PBXFileReference; fileEncoding = 4; lastKnownFileType = sourcecode.c.h; path = FTASyncHandler.h; sourceTree = "<group>"; };
		EB15613B17427D8E00468E6B /* FTASyncHandler.m */ = {isa = PBXFileReference; fileEncoding = 4; lastKnownFileType = sourcecode.c.objc; path = FTASyncHandler.m; sourceTree = "<group>"; };
		EB15613C17427D8E00468E6B /* FTASyncParent.h */ = {isa = PBXFileReference; fileEncoding = 4; lastKnownFileType = sourcecode.c.h; path = FTASyncParent.h; sourceTree = "<group>"; };
		EB15613D17427D8E00468E6B /* FTASyncParent.m */ = {isa = PBXFileReference; fileEncoding = 4; lastKnownFileType = sourcecode.c.objc; path = FTASyncParent.m; sourceTree = "<group>"; };
		EB15614117427DA300468E6B /* CoreData.framework */ = {isa = PBXFileReference; lastKnownFileType = wrapper.framework; name = CoreData.framework; path = System/Library/Frameworks/CoreData.framework; sourceTree = SDKROOT; };
		EB15614317427DF400468E6B /* _FTASyncParent.h */ = {isa = PBXFileReference; fileEncoding = 4; lastKnownFileType = sourcecode.c.h; path = _FTASyncParent.h; sourceTree = "<group>"; };
		EB15614417427DF400468E6B /* _FTASyncParent.m */ = {isa = PBXFileReference; fileEncoding = 4; lastKnownFileType = sourcecode.c.objc; path = _FTASyncParent.m; sourceTree = "<group>"; };
		EB1561471742C5AC00468E6B /* Model.xcdatamodel */ = {isa = PBXFileReference; lastKnownFileType = wrapper.xcdatamodel; path = Model.xcdatamodel; sourceTree = "<group>"; };
		EB4DD129172DE5CF001D3070 /* Drop.app */ = {isa = PBXFileReference; explicitFileType = wrapper.application; includeInIndex = 0; path = Drop.app; sourceTree = BUILT_PRODUCTS_DIR; };
		EB4DD12C172DE5CF001D3070 /* UIKit.framework */ = {isa = PBXFileReference; lastKnownFileType = wrapper.framework; name = UIKit.framework; path = System/Library/Frameworks/UIKit.framework; sourceTree = SDKROOT; };
		EB4DD12E172DE5CF001D3070 /* Foundation.framework */ = {isa = PBXFileReference; lastKnownFileType = wrapper.framework; name = Foundation.framework; path = System/Library/Frameworks/Foundation.framework; sourceTree = SDKROOT; };
		EB4DD130172DE5CF001D3070 /* CoreGraphics.framework */ = {isa = PBXFileReference; lastKnownFileType = wrapper.framework; name = CoreGraphics.framework; path = System/Library/Frameworks/CoreGraphics.framework; sourceTree = SDKROOT; };
		EB4DD134172DE5CF001D3070 /* Drop-Info.plist */ = {isa = PBXFileReference; lastKnownFileType = text.plist.xml; path = "Drop-Info.plist"; sourceTree = "<group>"; };
		EB4DD136172DE5CF001D3070 /* en */ = {isa = PBXFileReference; lastKnownFileType = text.plist.strings; name = en; path = en.lproj/InfoPlist.strings; sourceTree = "<group>"; };
		EB4DD138172DE5CF001D3070 /* main.m */ = {isa = PBXFileReference; lastKnownFileType = sourcecode.c.objc; path = main.m; sourceTree = "<group>"; };
		EB4DD13A172DE5CF001D3070 /* Drop-Prefix.pch */ = {isa = PBXFileReference; lastKnownFileType = sourcecode.c.h; path = "Drop-Prefix.pch"; sourceTree = "<group>"; };
		EB4DD13B172DE5CF001D3070 /* AppDelegate.h */ = {isa = PBXFileReference; lastKnownFileType = sourcecode.c.h; path = AppDelegate.h; sourceTree = "<group>"; };
		EB4DD13C172DE5CF001D3070 /* AppDelegate.m */ = {isa = PBXFileReference; lastKnownFileType = sourcecode.c.objc; path = AppDelegate.m; sourceTree = "<group>"; };
		EB4DD13E172DE5CF001D3070 /* Default.png */ = {isa = PBXFileReference; lastKnownFileType = image.png; path = Default.png; sourceTree = "<group>"; };
		EB4DD140172DE5CF001D3070 /* Default@2x.png */ = {isa = PBXFileReference; lastKnownFileType = image.png; path = "Default@2x.png"; sourceTree = "<group>"; };
		EB4DD142172DE5CF001D3070 /* Default-568h@2x.png */ = {isa = PBXFileReference; lastKnownFileType = image.png; path = "Default-568h@2x.png"; sourceTree = "<group>"; };
		EB4DD145172DE5CF001D3070 /* en */ = {isa = PBXFileReference; lastKnownFileType = file.storyboard; name = en; path = en.lproj/MainStoryboard.storyboard; sourceTree = "<group>"; };
		EB4DD147172DE5CF001D3070 /* ViewController.h */ = {isa = PBXFileReference; lastKnownFileType = sourcecode.c.h; path = ViewController.h; sourceTree = "<group>"; };
		EB4DD148172DE5CF001D3070 /* ViewController.m */ = {isa = PBXFileReference; lastKnownFileType = sourcecode.c.objc; path = ViewController.m; sourceTree = "<group>"; };
		EB4DD14F172DE5DF001D3070 /* icon72.png */ = {isa = PBXFileReference; lastKnownFileType = image.png; path = icon72.png; sourceTree = "<group>"; };
		EB4DD151172DE5E2001D3070 /* icon144.png */ = {isa = PBXFileReference; lastKnownFileType = image.png; path = icon144.png; sourceTree = "<group>"; };
		EB4DD153172DE609001D3070 /* MapKit.framework */ = {isa = PBXFileReference; lastKnownFileType = wrapper.framework; name = MapKit.framework; path = System/Library/Frameworks/MapKit.framework; sourceTree = SDKROOT; };
		EB4DD155172DE618001D3070 /* CoreLocation.framework */ = {isa = PBXFileReference; lastKnownFileType = wrapper.framework; name = CoreLocation.framework; path = System/Library/Frameworks/CoreLocation.framework; sourceTree = SDKROOT; };
		EBCE272F1735700B00A63696 /* DropboxSDK.framework */ = {isa = PBXFileReference; lastKnownFileType = wrapper.framework; path = DropboxSDK.framework; sourceTree = "<group>"; };
		EBCE27321735A42C00A63696 /* BButton.h */ = {isa = PBXFileReference; fileEncoding = 4; lastKnownFileType = sourcecode.c.h; path = BButton.h; sourceTree = "<group>"; };
		EBCE27331735A42C00A63696 /* BButton.m */ = {isa = PBXFileReference; fileEncoding = 4; lastKnownFileType = sourcecode.c.objc; path = BButton.m; sourceTree = "<group>"; };
		EBCE27341735A42C00A63696 /* NSString+FontAwesome.h */ = {isa = PBXFileReference; fileEncoding = 4; lastKnownFileType = sourcecode.c.h; path = "NSString+FontAwesome.h"; sourceTree = "<group>"; };
		EBCE27351735A42C00A63696 /* NSString+FontAwesome.m */ = {isa = PBXFileReference; fileEncoding = 4; lastKnownFileType = sourcecode.c.objc; path = "NSString+FontAwesome.m"; sourceTree = "<group>"; };
		EBCE27371735A42C00A63696 /* FontAwesome.ttf */ = {isa = PBXFileReference; lastKnownFileType = file; path = FontAwesome.ttf; sourceTree = "<group>"; };
		EBCE27381735A42C00A63696 /* UIColor+BButton.h */ = {isa = PBXFileReference; fileEncoding = 4; lastKnownFileType = sourcecode.c.h; path = "UIColor+BButton.h"; sourceTree = "<group>"; };
		EBCE27391735A42C00A63696 /* UIColor+BButton.m */ = {isa = PBXFileReference; fileEncoding = 4; lastKnownFileType = sourcecode.c.objc; path = "UIColor+BButton.m"; sourceTree = "<group>"; };
		EBCE273F1735A6F600A63696 /* libTestFlight.a */ = {isa = PBXFileReference; lastKnownFileType = archive.ar; path = libTestFlight.a; sourceTree = "<group>"; };
		EBCE27401735A6F600A63696 /* README.md */ = {isa = PBXFileReference; fileEncoding = 4; lastKnownFileType = text; path = README.md; sourceTree = "<group>"; };
		EBCE27411735A6F600A63696 /* release_notes.md */ = {isa = PBXFileReference; fileEncoding = 4; lastKnownFileType = text; path = release_notes.md; sourceTree = "<group>"; };
		EBCE27421735A6F600A63696 /* TestFlight.h */ = {isa = PBXFileReference; fileEncoding = 4; lastKnownFileType = sourcecode.c.h; path = TestFlight.h; sourceTree = "<group>"; };
		EBCE27461735A72800A63696 /* libz.dylib */ = {isa = PBXFileReference; lastKnownFileType = "compiled.mach-o.dylib"; name = libz.dylib; path = usr/lib/libz.dylib; sourceTree = SDKROOT; };
		EBCE27481736E4E300A63696 /* Parse.framework */ = {isa = PBXFileReference; lastKnownFileType = wrapper.framework; path = Parse.framework; sourceTree = "<group>"; };
		EBCE274A1736ED4100A63696 /* StoreKit.framework */ = {isa = PBXFileReference; lastKnownFileType = wrapper.framework; name = StoreKit.framework; path = System/Library/Frameworks/StoreKit.framework; sourceTree = SDKROOT; };
		EBCE274C1736ED5500A63696 /* AudioToolbox.framework */ = {isa = PBXFileReference; lastKnownFileType = wrapper.framework; name = AudioToolbox.framework; path = System/Library/Frameworks/AudioToolbox.framework; sourceTree = SDKROOT; };
		EBCE274E1736ED7900A63696 /* CFNetwork.framework */ = {isa = PBXFileReference; lastKnownFileType = wrapper.framework; name = CFNetwork.framework; path = System/Library/Frameworks/CFNetwork.framework; sourceTree = SDKROOT; };
		EBCE27501736ED8600A63696 /* MobileCoreServices.framework */ = {isa = PBXFileReference; lastKnownFileType = wrapper.framework; name = MobileCoreServices.framework; path = System/Library/Frameworks/MobileCoreServices.framework; sourceTree = SDKROOT; };
		EBCE27521736ED9000A63696 /* SystemConfiguration.framework */ = {isa = PBXFileReference; lastKnownFileType = wrapper.framework; name = SystemConfiguration.framework; path = System/Library/Frameworks/SystemConfiguration.framework; sourceTree = SDKROOT; };
		EBE813C417529F0D001AC56D /* UserBubbleColor.h */ = {isa = PBXFileReference; fileEncoding = 4; lastKnownFileType = sourcecode.c.h; path = UserBubbleColor.h; sourceTree = "<group>"; };
		EBE813C517529F0D001AC56D /* UserBubbleColor.m */ = {isa = PBXFileReference; fileEncoding = 4; lastKnownFileType = sourcecode.c.objc; path = UserBubbleColor.m; sourceTree = "<group>"; };
		EBE813C617529F0D001AC56D /* UserBubble.h */ = {isa = PBXFileReference; fileEncoding = 4; lastKnownFileType = sourcecode.c.h; path = UserBubble.h; sourceTree = "<group>"; };
		EBE813C717529F0D001AC56D /* UserBubble.m */ = {isa = PBXFileReference; fileEncoding = 4; lastKnownFileType = sourcecode.c.objc; path = UserBubble.m; sourceTree = "<group>"; };
		EBE813C817529F0D001AC56D /* UserPickerView.h */ = {isa = PBXFileReference; fileEncoding = 4; lastKnownFileType = sourcecode.c.h; path = UserPickerView.h; sourceTree = "<group>"; };
		EBE813C917529F0D001AC56D /* UserPickerView.m */ = {isa = PBXFileReference; fileEncoding = 4; lastKnownFileType = sourcecode.c.objc; path = UserPickerView.m; sourceTree = "<group>"; };
		EBE813CA17529F0D001AC56D /* UserPickerViewController.h */ = {isa = PBXFileReference; fileEncoding = 4; lastKnownFileType = sourcecode.c.h; path = UserPickerViewController.h; sourceTree = "<group>"; };
		EBE813CB17529F0D001AC56D /* UserPickerViewController.m */ = {isa = PBXFileReference; fileEncoding = 4; lastKnownFileType = sourcecode.c.objc; path = UserPickerViewController.m; sourceTree = "<group>"; };
		EBE813CC17529F0D001AC56D /* UserPickerViewController.xib */ = {isa = PBXFileReference; fileEncoding = 4; lastKnownFileType = file.xib; path = UserPickerViewController.xib; sourceTree = "<group>"; };
		EBE813D21753FD45001AC56D /* GIKPopoverBackgroundView.h */ = {isa = PBXFileReference; lastKnownFileType = sourcecode.c.h; path = GIKPopoverBackgroundView.h; sourceTree = "<group>"; };
		EBE813D31753FD45001AC56D /* GIKPopoverBackgroundView.m */ = {isa = PBXFileReference; lastKnownFileType = sourcecode.c.objc; path = GIKPopoverBackgroundView.m; sourceTree = "<group>"; };
		EBE813D61754001E001AC56D /* PopoverBackgroundArrowDown.png */ = {isa = PBXFileReference; lastKnownFileType = image.png; path = PopoverBackgroundArrowDown.png; sourceTree = "<group>"; };
		EBE813D71754001E001AC56D /* PopoverBackgroundArrowDown@2x.png */ = {isa = PBXFileReference; lastKnownFileType = image.png; path = "PopoverBackgroundArrowDown@2x.png"; sourceTree = "<group>"; };
		EBE813D81754001E001AC56D /* PopoverBackgroundArrowDownRight.png */ = {isa = PBXFileReference; lastKnownFileType = image.png; path = PopoverBackgroundArrowDownRight.png; sourceTree = "<group>"; };
		EBE813D91754001E001AC56D /* PopoverBackgroundArrowDownRight@2x.png */ = {isa = PBXFileReference; lastKnownFileType = image.png; path = "PopoverBackgroundArrowDownRight@2x.png"; sourceTree = "<group>"; };
		EBE813DA1754001E001AC56D /* PopoverBackgroundArrowSide.png */ = {isa = PBXFileReference; lastKnownFileType = image.png; path = PopoverBackgroundArrowSide.png; sourceTree = "<group>"; };
		EBE813DB1754001E001AC56D /* PopoverBackgroundArrowSide@2x.png */ = {isa = PBXFileReference; lastKnownFileType = image.png; path = "PopoverBackgroundArrowSide@2x.png"; sourceTree = "<group>"; };
		EBE813DC1754001E001AC56D /* PopoverBackgroundArrowSideBottom.png */ = {isa = PBXFileReference; lastKnownFileType = image.png; path = PopoverBackgroundArrowSideBottom.png; sourceTree = "<group>"; };
		EBE813DD1754001E001AC56D /* PopoverBackgroundArrowSideBottom@2x.png */ = {isa = PBXFileReference; lastKnownFileType = image.png; path = "PopoverBackgroundArrowSideBottom@2x.png"; sourceTree = "<group>"; };
		EBE813DE1754001E001AC56D /* PopoverBackgroundArrowSideTop.png */ = {isa = PBXFileReference; lastKnownFileType = image.png; path = PopoverBackgroundArrowSideTop.png; sourceTree = "<group>"; };
		EBE813DF1754001E001AC56D /* PopoverBackgroundArrowSideTop@2x.png */ = {isa = PBXFileReference; lastKnownFileType = image.png; path = "PopoverBackgroundArrowSideTop@2x.png"; sourceTree = "<group>"; };
		EBE813E01754001E001AC56D /* PopoverBackgroundArrowUp.png */ = {isa = PBXFileReference; lastKnownFileType = image.png; path = PopoverBackgroundArrowUp.png; sourceTree = "<group>"; };
		EBE813E11754001E001AC56D /* PopoverBackgroundArrowUp@2x.png */ = {isa = PBXFileReference; lastKnownFileType = image.png; path = "PopoverBackgroundArrowUp@2x.png"; sourceTree = "<group>"; };
		EBE813E21754001E001AC56D /* PopoverBackgroundArrowUpRight.png */ = {isa = PBXFileReference; lastKnownFileType = image.png; path = PopoverBackgroundArrowUpRight.png; sourceTree = "<group>"; };
		EBE813E31754001E001AC56D /* PopoverBackgroundArrowUpRight@2x.png */ = {isa = PBXFileReference; lastKnownFileType = image.png; path = "PopoverBackgroundArrowUpRight@2x.png"; sourceTree = "<group>"; };
		EBE813F31754DC62001AC56D /* FrameAccessor.h */ = {isa = PBXFileReference; fileEncoding = 4; lastKnownFileType = sourcecode.c.h; path = FrameAccessor.h; sourceTree = "<group>"; };
		EBE813F41754DC62001AC56D /* FrameAccessor.m */ = {isa = PBXFileReference; fileEncoding = 4; lastKnownFileType = sourcecode.c.objc; path = FrameAccessor.m; sourceTree = "<group>"; };
		EBF331FD1730797B006D690E /* QuartzCore.framework */ = {isa = PBXFileReference; lastKnownFileType = wrapper.framework; name = QuartzCore.framework; path = System/Library/Frameworks/QuartzCore.framework; sourceTree = SDKROOT; };
		EBF332081731C32B006D690E /* MapViewDelegate.h */ = {isa = PBXFileReference; fileEncoding = 4; lastKnownFileType = sourcecode.c.h; path = MapViewDelegate.h; sourceTree = "<group>"; };
		EBF332091731C32B006D690E /* MapViewDelegate.m */ = {isa = PBXFileReference; fileEncoding = 4; lastKnownFileType = sourcecode.c.objc; path = MapViewDelegate.m; sourceTree = "<group>"; };
		EBF3320B1731C4C1006D690E /* DroppedPinViewController.h */ = {isa = PBXFileReference; fileEncoding = 4; lastKnownFileType = sourcecode.c.h; path = DroppedPinViewController.h; sourceTree = "<group>"; };
		EBF3320C1731C4C1006D690E /* DroppedPinViewController.m */ = {isa = PBXFileReference; fileEncoding = 4; lastKnownFileType = sourcecode.c.objc; path = DroppedPinViewController.m; sourceTree = "<group>"; };
		EBF3320D1731C4C1006D690E /* DroppedPinViewController.xib */ = {isa = PBXFileReference; fileEncoding = 4; lastKnownFileType = file.xib; path = DroppedPinViewController.xib; sourceTree = "<group>"; };
		EBF3321517333DF1006D690E /* settingsIcon.png */ = {isa = PBXFileReference; lastKnownFileType = image.png; path = settingsIcon.png; sourceTree = "<group>"; };
		EBF3321617333DF1006D690E /* settingsIcon@2x.png */ = {isa = PBXFileReference; lastKnownFileType = image.png; path = "settingsIcon@2x.png"; sourceTree = "<group>"; };
		EBF3321C17355DB4006D690E /* Default-Portrait~ipad.png */ = {isa = PBXFileReference; lastKnownFileType = image.png; path = "Default-Portrait~ipad.png"; sourceTree = "<group>"; };
		EBF3321E17355DBB006D690E /* Default-Portrait@2x~ipad.png */ = {isa = PBXFileReference; lastKnownFileType = image.png; path = "Default-Portrait@2x~ipad.png"; sourceTree = "<group>"; };
		EBF3322017355DC5006D690E /* Default-Landscape~ipad.png */ = {isa = PBXFileReference; lastKnownFileType = image.png; path = "Default-Landscape~ipad.png"; sourceTree = "<group>"; };
		EBF3322217355DC9006D690E /* Default-Landscape@2x~ipad.png */ = {isa = PBXFileReference; lastKnownFileType = image.png; path = "Default-Landscape@2x~ipad.png"; sourceTree = "<group>"; };
		EBF332A617356305006D690E /* Security.framework */ = {isa = PBXFileReference; lastKnownFileType = wrapper.framework; name = Security.framework; path = System/Library/Frameworks/Security.framework; sourceTree = SDKROOT; };
		EBF33346173564F2006D690E /* browseDirectoryIcon.png */ = {isa = PBXFileReference; lastKnownFileType = image.png; path = browseDirectoryIcon.png; sourceTree = "<group>"; };
		EBF33347173564F2006D690E /* browseDirectoryIcon@2x.png */ = {isa = PBXFileReference; lastKnownFileType = image.png; path = "browseDirectoryIcon@2x.png"; sourceTree = "<group>"; };
		EBF33348173564F2006D690E /* downloadIcon.png */ = {isa = PBXFileReference; lastKnownFileType = image.png; path = downloadIcon.png; sourceTree = "<group>"; };
		EBF33349173564F2006D690E /* downloadIcon@2x.png */ = {isa = PBXFileReference; lastKnownFileType = image.png; path = "downloadIcon@2x.png"; sourceTree = "<group>"; };
		EBF3334A173564F2006D690E /* dropboxDirIcon.png */ = {isa = PBXFileReference; lastKnownFileType = image.png; path = dropboxDirIcon.png; sourceTree = "<group>"; };
		EBF3334B173564F2006D690E /* dropboxDirIcon@2x.png */ = {isa = PBXFileReference; lastKnownFileType = image.png; path = "dropboxDirIcon@2x.png"; sourceTree = "<group>"; };
		EBF3334C173564F2006D690E /* pdfFileIcon.png */ = {isa = PBXFileReference; lastKnownFileType = image.png; path = pdfFileIcon.png; sourceTree = "<group>"; };
		EBF3334D173564F2006D690E /* pdfFileIcon@2x.png */ = {isa = PBXFileReference; lastKnownFileType = image.png; path = "pdfFileIcon@2x.png"; sourceTree = "<group>"; };
		EBF3334E173564F2006D690E /* KioskDropboxPDFBrowserViewController.h */ = {isa = PBXFileReference; fileEncoding = 4; lastKnownFileType = sourcecode.c.h; path = KioskDropboxPDFBrowserViewController.h; sourceTree = "<group>"; };
		EBF3334F173564F2006D690E /* KioskDropboxPDFBrowserViewController.m */ = {isa = PBXFileReference; fileEncoding = 4; lastKnownFileType = sourcecode.c.objc; path = KioskDropboxPDFBrowserViewController.m; sourceTree = "<group>"; };
		EBF33350173564F2006D690E /* KioskDropboxPDFDataController.h */ = {isa = PBXFileReference; fileEncoding = 4; lastKnownFileType = sourcecode.c.h; path = KioskDropboxPDFDataController.h; sourceTree = "<group>"; };
		EBF33351173564F3006D690E /* KioskDropboxPDFDataController.m */ = {isa = PBXFileReference; fileEncoding = 4; lastKnownFileType = sourcecode.c.objc; path = KioskDropboxPDFDataController.m; sourceTree = "<group>"; };
		EBF33352173564F3006D690E /* KioskDropboxPDFRootViewController.h */ = {isa = PBXFileReference; fileEncoding = 4; lastKnownFileType = sourcecode.c.h; path = KioskDropboxPDFRootViewController.h; sourceTree = "<group>"; };
		EBF33353173564F3006D690E /* KioskDropboxPDFRootViewController.m */ = {isa = PBXFileReference; fileEncoding = 4; lastKnownFileType = sourcecode.c.objc; path = KioskDropboxPDFRootViewController.m; sourceTree = "<group>"; };
		EBF33355173564F4006D690E /* MBProgressHUD.h */ = {isa = PBXFileReference; fileEncoding = 4; lastKnownFileType = sourcecode.c.h; path = MBProgressHUD.h; sourceTree = "<group>"; };
		EBF33356173564F4006D690E /* MBProgressHUD.m */ = {isa = PBXFileReference; fileEncoding = 4; lastKnownFileType = sourcecode.c.objc; path = MBProgressHUD.m; sourceTree = "<group>"; };
		EBF33364173566B6006D690E /* SettingsViewController.h */ = {isa = PBXFileReference; fileEncoding = 4; lastKnownFileType = sourcecode.c.h; path = SettingsViewController.h; sourceTree = "<group>"; };
		EBF33365173566B6006D690E /* SettingsViewController.m */ = {isa = PBXFileReference; fileEncoding = 4; lastKnownFileType = sourcecode.c.objc; path = SettingsViewController.m; sourceTree = "<group>"; };
		EBF3336717356BD1006D690E /* MainStoryboard_iPad.storyboard */ = {isa = PBXFileReference; fileEncoding = 4; lastKnownFileType = file.storyboard; path = MainStoryboard_iPad.storyboard; sourceTree = "<group>"; };
		EBF3336817356BD1006D690E /* MainStoryboard_iPhone.storyboard */ = {isa = PBXFileReference; fileEncoding = 4; lastKnownFileType = file.storyboard; path = MainStoryboard_iPhone.storyboard; sourceTree = "<group>"; };
		EBFFF6251748674900BCDB33 /* PreviewController.h */ = {isa = PBXFileReference; fileEncoding = 4; lastKnownFileType = sourcecode.c.h; path = PreviewController.h; sourceTree = "<group>"; };
		EBFFF6261748674A00BCDB33 /* PreviewController.m */ = {isa = PBXFileReference; fileEncoding = 4; lastKnownFileType = sourcecode.c.objc; path = PreviewController.m; sourceTree = "<group>"; };
		EBFFF62817486A1D00BCDB33 /* QuickLook.framework */ = {isa = PBXFileReference; lastKnownFileType = wrapper.framework; name = QuickLook.framework; path = System/Library/Frameworks/QuickLook.framework; sourceTree = SDKROOT; };
/* End PBXFileReference section */

/* Begin PBXFrameworksBuildPhase section */
		EB4DD126172DE5CF001D3070 /* Frameworks */ = {
			isa = PBXFrameworksBuildPhase;
			buildActionMask = 2147483647;
			files = (
				EBFFF62917486A1E00BCDB33 /* QuickLook.framework in Frameworks */,
				EB15614217427DA400468E6B /* CoreData.framework in Frameworks */,
				EBCE27531736ED9000A63696 /* SystemConfiguration.framework in Frameworks */,
				EBCE27511736ED8600A63696 /* MobileCoreServices.framework in Frameworks */,
				EBCE274F1736ED7900A63696 /* CFNetwork.framework in Frameworks */,
				EBCE274D1736ED5500A63696 /* AudioToolbox.framework in Frameworks */,
				EBCE274B1736ED4100A63696 /* StoreKit.framework in Frameworks */,
				EBCE27471735A72800A63696 /* libz.dylib in Frameworks */,
				EBF332A717356305006D690E /* Security.framework in Frameworks */,
				EBF331FE1730797B006D690E /* QuartzCore.framework in Frameworks */,
				EB4DD156172DE618001D3070 /* CoreLocation.framework in Frameworks */,
				EB4DD154172DE609001D3070 /* MapKit.framework in Frameworks */,
				EB4DD12D172DE5CF001D3070 /* UIKit.framework in Frameworks */,
				EB4DD12F172DE5CF001D3070 /* Foundation.framework in Frameworks */,
				EB4DD131172DE5CF001D3070 /* CoreGraphics.framework in Frameworks */,
				EBCE27301735700B00A63696 /* DropboxSDK.framework in Frameworks */,
				EBCE27431735A6F600A63696 /* libTestFlight.a in Frameworks */,
				EBCE27491736E4E300A63696 /* Parse.framework in Frameworks */,
			);
			runOnlyForDeploymentPostprocessing = 0;
		};
/* End PBXFrameworksBuildPhase section */

/* Begin PBXGroup section */
		EB1560DC17427D4F00468E6B /* Core Data */ = {
			isa = PBXGroup;
			children = (
				EB15613717427D8E00468E6B /* FTAParseSync.h */,
				EB15613817427D8E00468E6B /* FTAParseSync.m */,
				EB15613917427D8E00468E6B /* FTASync.h */,
				EB15613A17427D8E00468E6B /* FTASyncHandler.h */,
				EB15613B17427D8E00468E6B /* FTASyncHandler.m */,
				EB15613C17427D8E00468E6B /* FTASyncParent.h */,
				EB15613D17427D8E00468E6B /* FTASyncParent.m */,
				EB15614317427DF400468E6B /* _FTASyncParent.h */,
				EB15614417427DF400468E6B /* _FTASyncParent.m */,
				EB1560DD17427D6D00468E6B /* MagicalRecord */,
				EB15611917427D6D00468E6B /* NPReachability */,
				EB1561461742C5AC00468E6B /* Model.xcdatamodeld */,
			);
			name = "Core Data";
			sourceTree = "<group>";
		};
		EB1560DD17427D6D00468E6B /* MagicalRecord */ = {
			isa = PBXGroup;
			children = (
				EB1560DE17427D6D00468E6B /* Categories */,
				EB15610817427D6D00468E6B /* Core */,
				EB15611817427D6D00468E6B /* CoreData+MagicalRecord.h */,
			);
			path = MagicalRecord;
			sourceTree = "<group>";
		};
		EB1560DE17427D6D00468E6B /* Categories */ = {
			isa = PBXGroup;
			children = (
				EB1560DF17427D6D00468E6B /* DataImport */,
				EB1560EE17427D6D00468E6B /* NSManagedObject */,
				EB1560F917427D6D00468E6B /* NSManagedObjectContext */,
				EB15610217427D6D00468E6B /* NSManagedObjectModel+MagicalRecord.h */,
				EB15610317427D6D00468E6B /* NSManagedObjectModel+MagicalRecord.m */,
				EB15610417427D6D00468E6B /* NSPersistentStore+MagicalRecord.h */,
				EB15610517427D6D00468E6B /* NSPersistentStore+MagicalRecord.m */,
				EB15610617427D6D00468E6B /* NSPersistentStoreCoordinator+MagicalRecord.h */,
				EB15610717427D6D00468E6B /* NSPersistentStoreCoordinator+MagicalRecord.m */,
			);
			path = Categories;
			sourceTree = "<group>";
		};
		EB1560DF17427D6D00468E6B /* DataImport */ = {
			isa = PBXGroup;
			children = (
				EB1560E017427D6D00468E6B /* MagicalImportFunctions.h */,
				EB1560E117427D6D00468E6B /* MagicalImportFunctions.m */,
				EB1560E217427D6D00468E6B /* NSAttributeDescription+MagicalDataImport.h */,
				EB1560E317427D6D00468E6B /* NSAttributeDescription+MagicalDataImport.m */,
				EB1560E417427D6D00468E6B /* NSEntityDescription+MagicalDataImport.h */,
				EB1560E517427D6D00468E6B /* NSEntityDescription+MagicalDataImport.m */,
				EB1560E617427D6D00468E6B /* NSNumber+MagicalDataImport.h */,
				EB1560E717427D6D00468E6B /* NSNumber+MagicalDataImport.m */,
				EB1560E817427D6D00468E6B /* NSObject+MagicalDataImport.h */,
				EB1560E917427D6D00468E6B /* NSObject+MagicalDataImport.m */,
				EB1560EA17427D6D00468E6B /* NSRelationshipDescription+MagicalDataImport.h */,
				EB1560EB17427D6D00468E6B /* NSRelationshipDescription+MagicalDataImport.m */,
				EB1560EC17427D6D00468E6B /* NSString+MagicalDataImport.h */,
				EB1560ED17427D6D00468E6B /* NSString+MagicalDataImport.m */,
			);
			path = DataImport;
			sourceTree = "<group>";
		};
		EB1560EE17427D6D00468E6B /* NSManagedObject */ = {
			isa = PBXGroup;
			children = (
				EB1560EF17427D6D00468E6B /* NSManagedObject+MagicalAggregation.h */,
				EB1560F017427D6D00468E6B /* NSManagedObject+MagicalAggregation.m */,
				EB1560F117427D6D00468E6B /* NSManagedObject+MagicalDataImport.h */,
				EB1560F217427D6D00468E6B /* NSManagedObject+MagicalDataImport.m */,
				EB1560F317427D6D00468E6B /* NSManagedObject+MagicalFinders.h */,
				EB1560F417427D6D00468E6B /* NSManagedObject+MagicalFinders.m */,
				EB1560F517427D6D00468E6B /* NSManagedObject+MagicalRecord.h */,
				EB1560F617427D6D00468E6B /* NSManagedObject+MagicalRecord.m */,
				EB1560F717427D6D00468E6B /* NSManagedObject+MagicalRequests.h */,
				EB1560F817427D6D00468E6B /* NSManagedObject+MagicalRequests.m */,
			);
			path = NSManagedObject;
			sourceTree = "<group>";
		};
		EB1560F917427D6D00468E6B /* NSManagedObjectContext */ = {
			isa = PBXGroup;
			children = (
				EB1560FA17427D6D00468E6B /* NSManagedObjectContext+MagicalObserving.h */,
				EB1560FB17427D6D00468E6B /* NSManagedObjectContext+MagicalObserving.m */,
				EB1560FC17427D6D00468E6B /* NSManagedObjectContext+MagicalRecord.h */,
				EB1560FD17427D6D00468E6B /* NSManagedObjectContext+MagicalRecord.m */,
				EB1560FE17427D6D00468E6B /* NSManagedObjectContext+MagicalSaves.h */,
				EB1560FF17427D6D00468E6B /* NSManagedObjectContext+MagicalSaves.m */,
				EB15610017427D6D00468E6B /* NSManagedObjectContext+MagicalThreading.h */,
				EB15610117427D6D00468E6B /* NSManagedObjectContext+MagicalThreading.m */,
			);
			path = NSManagedObjectContext;
			sourceTree = "<group>";
		};
		EB15610817427D6D00468E6B /* Core */ = {
			isa = PBXGroup;
			children = (
				EB15610917427D6D00468E6B /* MagicalRecord+Actions.h */,
				EB15610A17427D6D00468E6B /* MagicalRecord+Actions.m */,
				EB15610B17427D6D00468E6B /* MagicalRecord+ErrorHandling.h */,
				EB15610C17427D6D00468E6B /* MagicalRecord+ErrorHandling.m */,
				EB15610D17427D6D00468E6B /* MagicalRecord+iCloud.h */,
				EB15610E17427D6D00468E6B /* MagicalRecord+iCloud.m */,
				EB15610F17427D6D00468E6B /* MagicalRecord+Options.h */,
				EB15611017427D6D00468E6B /* MagicalRecord+Options.m */,
				EB15611117427D6D00468E6B /* MagicalRecord+Setup.h */,
				EB15611217427D6D00468E6B /* MagicalRecord+Setup.m */,
				EB15611317427D6D00468E6B /* MagicalRecord+ShorthandSupport.h */,
				EB15611417427D6D00468E6B /* MagicalRecord+ShorthandSupport.m */,
				EB15611517427D6D00468E6B /* MagicalRecord.h */,
				EB15611617427D6D00468E6B /* MagicalRecord.m */,
				EB15611717427D6D00468E6B /* MagicalRecordShorthand.h */,
			);
			path = Core;
			sourceTree = "<group>";
		};
		EB15611917427D6D00468E6B /* NPReachability */ = {
			isa = PBXGroup;
			children = (
				EB15611A17427D6D00468E6B /* NPReachability.h */,
				EB15611B17427D6D00468E6B /* NPReachability.m */,
			);
			path = NPReachability;
			sourceTree = "<group>";
		};
		EB4DD120172DE5CF001D3070 = {
			isa = PBXGroup;
			children = (
				EBF3322217355DC9006D690E /* Default-Landscape@2x~ipad.png */,
				EBF3322017355DC5006D690E /* Default-Landscape~ipad.png */,
				EBF3321E17355DBB006D690E /* Default-Portrait@2x~ipad.png */,
				EBF3321C17355DB4006D690E /* Default-Portrait~ipad.png */,
				EB4DD151172DE5E2001D3070 /* icon144.png */,
				EB4DD14F172DE5DF001D3070 /* icon72.png */,
				EB4DD132172DE5CF001D3070 /* Drop */,
				EB4DD12B172DE5CF001D3070 /* Frameworks */,
				EB4DD12A172DE5CF001D3070 /* Products */,
			);
			sourceTree = "<group>";
		};
		EB4DD12A172DE5CF001D3070 /* Products */ = {
			isa = PBXGroup;
			children = (
				EB4DD129172DE5CF001D3070 /* Drop.app */,
			);
			name = Products;
			sourceTree = "<group>";
		};
		EB4DD12B172DE5CF001D3070 /* Frameworks */ = {
			isa = PBXGroup;
			children = (
				EBFFF62817486A1D00BCDB33 /* QuickLook.framework */,
				EB15614117427DA300468E6B /* CoreData.framework */,
				EBCE27521736ED9000A63696 /* SystemConfiguration.framework */,
				EBCE27501736ED8600A63696 /* MobileCoreServices.framework */,
				EBCE274E1736ED7900A63696 /* CFNetwork.framework */,
				EBCE274C1736ED5500A63696 /* AudioToolbox.framework */,
				EBCE274A1736ED4100A63696 /* StoreKit.framework */,
				EBCE27481736E4E300A63696 /* Parse.framework */,
				EBCE27461735A72800A63696 /* libz.dylib */,
				EBCE273E1735A6F600A63696 /* TestFlightSDK1.2.4 */,
				EBCE272F1735700B00A63696 /* DropboxSDK.framework */,
				EBF332A617356305006D690E /* Security.framework */,
				EBF331FD1730797B006D690E /* QuartzCore.framework */,
				EB4DD155172DE618001D3070 /* CoreLocation.framework */,
				EB4DD153172DE609001D3070 /* MapKit.framework */,
				EB4DD12C172DE5CF001D3070 /* UIKit.framework */,
				EB4DD12E172DE5CF001D3070 /* Foundation.framework */,
				EB4DD130172DE5CF001D3070 /* CoreGraphics.framework */,
			);
			name = Frameworks;
			sourceTree = "<group>";
		};
		EB4DD132172DE5CF001D3070 /* Drop */ = {
			isa = PBXGroup;
			children = (
				EBE813C317529EDC001AC56D /* File Sharing */,
				EB1560DC17427D4F00468E6B /* Core Data */,
				EBF3321417333DE3006D690E /* Images */,
				EB4DD13B172DE5CF001D3070 /* AppDelegate.h */,
				EB4DD13C172DE5CF001D3070 /* AppDelegate.m */,
				EBE813C117529EA5001AC56D /* Main View Controllers */,
				EBE813C217529ECE001AC56D /* Drop Model */,
				EBE813BF17529E6A001AC56D /* Delegates */,
				EBE813BE17529E4E001AC56D /* Startup Process */,
				EBE813C017529E8A001AC56D /* File Preview */,
				EBF33363173564FB006D690E /* Dropbox */,
				EB4DD133172DE5CF001D3070 /* Supporting Files */,
			);
			path = Drop;
			sourceTree = "<group>";
		};
		EB4DD133172DE5CF001D3070 /* Supporting Files */ = {
			isa = PBXGroup;
			children = (
				EB4DD134172DE5CF001D3070 /* Drop-Info.plist */,
				EB4DD135172DE5CF001D3070 /* InfoPlist.strings */,
				EB4DD138172DE5CF001D3070 /* main.m */,
				EB4DD13A172DE5CF001D3070 /* Drop-Prefix.pch */,
				EB4DD13E172DE5CF001D3070 /* Default.png */,
				EB4DD140172DE5CF001D3070 /* Default@2x.png */,
				EB4DD142172DE5CF001D3070 /* Default-568h@2x.png */,
				EB1560D7173ED16100468E6B /* Localizable.strings */,
			);
			name = "Supporting Files";
			sourceTree = "<group>";
		};
		EBCE27311735A42C00A63696 /* BButton */ = {
			isa = PBXGroup;
			children = (
				EBCE27321735A42C00A63696 /* BButton.h */,
				EBCE27331735A42C00A63696 /* BButton.m */,
				EBCE27341735A42C00A63696 /* NSString+FontAwesome.h */,
				EBCE27351735A42C00A63696 /* NSString+FontAwesome.m */,
				EBCE27361735A42C00A63696 /* resources */,
				EBCE27381735A42C00A63696 /* UIColor+BButton.h */,
				EBCE27391735A42C00A63696 /* UIColor+BButton.m */,
			);
			path = BButton;
			sourceTree = "<group>";
		};
		EBCE27361735A42C00A63696 /* resources */ = {
			isa = PBXGroup;
			children = (
				EBCE27371735A42C00A63696 /* FontAwesome.ttf */,
			);
			path = resources;
			sourceTree = "<group>";
		};
		EBCE273E1735A6F600A63696 /* TestFlightSDK1.2.4 */ = {
			isa = PBXGroup;
			children = (
				EBCE273F1735A6F600A63696 /* libTestFlight.a */,
				EBCE27401735A6F600A63696 /* README.md */,
				EBCE27411735A6F600A63696 /* release_notes.md */,
				EBCE27421735A6F600A63696 /* TestFlight.h */,
			);
			path = TestFlightSDK1.2.4;
			sourceTree = "<group>";
		};
		EBE813BE17529E4E001AC56D /* Startup Process */ = {
			isa = PBXGroup;
			children = (
				EB1560AD173DA69B00468E6B /* LogInViewController.h */,
				EB1560AE173DA69B00468E6B /* LogInViewController.m */,
				EB1560AF173DA69B00468E6B /* SignUpViewController.h */,
				EB1560B0173DA69B00468E6B /* SignUpViewController.m */,
			);
			name = "Startup Process";
			sourceTree = "<group>";
		};
		EBE813BF17529E6A001AC56D /* Delegates */ = {
			isa = PBXGroup;
			children = (
				EBF332081731C32B006D690E /* MapViewDelegate.h */,
				EBF332091731C32B006D690E /* MapViewDelegate.m */,
				EB1560D917402F6D00468E6B /* DropboxDelegate.h */,
				EB1560DA17402F6D00468E6B /* DropboxDelegate.m */,
			);
			name = Delegates;
			sourceTree = "<group>";
		};
		EBE813C017529E8A001AC56D /* File Preview */ = {
			isa = PBXGroup;
			children = (
				EBFFF6251748674900BCDB33 /* PreviewController.h */,
				EBFFF6261748674A00BCDB33 /* PreviewController.m */,
			);
			name = "File Preview";
			sourceTree = "<group>";
		};
		EBE813C117529EA5001AC56D /* Main View Controllers */ = {
			isa = PBXGroup;
			children = (
				EB4DD144172DE5CF001D3070 /* MainStoryboard.storyboard */,
				EB4DD147172DE5CF001D3070 /* ViewController.h */,
				EB4DD148172DE5CF001D3070 /* ViewController.m */,
				EBF3320B1731C4C1006D690E /* DroppedPinViewController.h */,
				EBF3320C1731C4C1006D690E /* DroppedPinViewController.m */,
				EBF3320D1731C4C1006D690E /* DroppedPinViewController.xib */,
				EBF33364173566B6006D690E /* SettingsViewController.h */,
				EBF33365173566B6006D690E /* SettingsViewController.m */,
			);
			name = "Main View Controllers";
			sourceTree = "<group>";
		};
		EBE813C217529ECE001AC56D /* Drop Model */ = {
			isa = PBXGroup;
			children = (
				EB0251D2174450C20036527B /* Drop.h */,
				EB0251D3174450C20036527B /* Drop.m */,
			);
			name = "Drop Model";
			sourceTree = "<group>";
		};
		EBE813C317529EDC001AC56D /* File Sharing */ = {
			isa = PBXGroup;
			children = (
				EBE813C417529F0D001AC56D /* UserBubbleColor.h */,
				EBE813C517529F0D001AC56D /* UserBubbleColor.m */,
				EBE813C617529F0D001AC56D /* UserBubble.h */,
				EBE813C717529F0D001AC56D /* UserBubble.m */,
				EBE813C817529F0D001AC56D /* UserPickerView.h */,
				EBE813C917529F0D001AC56D /* UserPickerView.m */,
				EBE813CA17529F0D001AC56D /* UserPickerViewController.h */,
				EBE813CB17529F0D001AC56D /* UserPickerViewController.m */,
				EBE813CC17529F0D001AC56D /* UserPickerViewController.xib */,
			);
			name = "File Sharing";
			sourceTree = "<group>";
		};
		EBE813D51754001E001AC56D /* Images */ = {
			isa = PBXGroup;
			children = (
				EBE813D61754001E001AC56D /* PopoverBackgroundArrowDown.png */,
				EBE813D71754001E001AC56D /* PopoverBackgroundArrowDown@2x.png */,
				EBE813D81754001E001AC56D /* PopoverBackgroundArrowDownRight.png */,
				EBE813D91754001E001AC56D /* PopoverBackgroundArrowDownRight@2x.png */,
				EBE813DA1754001E001AC56D /* PopoverBackgroundArrowSide.png */,
				EBE813DB1754001E001AC56D /* PopoverBackgroundArrowSide@2x.png */,
				EBE813DC1754001E001AC56D /* PopoverBackgroundArrowSideBottom.png */,
				EBE813DD1754001E001AC56D /* PopoverBackgroundArrowSideBottom@2x.png */,
				EBE813DE1754001E001AC56D /* PopoverBackgroundArrowSideTop.png */,
				EBE813DF1754001E001AC56D /* PopoverBackgroundArrowSideTop@2x.png */,
				EBE813E01754001E001AC56D /* PopoverBackgroundArrowUp.png */,
				EBE813E11754001E001AC56D /* PopoverBackgroundArrowUp@2x.png */,
				EBE813E21754001E001AC56D /* PopoverBackgroundArrowUpRight.png */,
				EBE813E31754001E001AC56D /* PopoverBackgroundArrowUpRight@2x.png */,
			);
			path = Images;
			sourceTree = "<group>";
		};
		EBE813F217540026001AC56D /* Popover Background Subclass */ = {
			isa = PBXGroup;
			children = (
				EBE813D51754001E001AC56D /* Images */,
				EBE813D21753FD45001AC56D /* GIKPopoverBackgroundView.h */,
				EBE813D31753FD45001AC56D /* GIKPopoverBackgroundView.m */,
			);
			name = "Popover Background Subclass";
			sourceTree = "<group>";
		};
		EBF3321417333DE3006D690E /* Images */ = {
			isa = PBXGroup;
			children = (
				EB1560D3173ECB5D00468E6B /* registerFieldsBkg.png */,
				EB1560D4173ECB5D00468E6B /* registerFieldsBkg@2x.png */,
				EB1560CF173ECA8400468E6B /* registerPageButton.png */,
				EB1560D0173ECA8400468E6B /* registerPageButton@2x.png */,
				EB1560C7173EAFD000468E6B /* registerButton.png */,
				EB1560C8173EAFD000468E6B /* loginButton.png */,
				EB1560C9173EAFD000468E6B /* registerButton@2x.png */,
				EB1560CA173EAFD000468E6B /* loginButton@2x.png */,
				EB1560C3173E9EBB00468E6B /* loginFieldsBkg.png */,
				EB1560C4173E9EBB00468E6B /* loginFieldsBkg@2x.png */,
				EB1560B7173E945200468E6B /* loginBkg.png */,
				EB1560B8173E945200468E6B /* loginBkg@2x.png */,
				EB1560B3173E933300468E6B /* logo.png */,
				EB1560B4173E933300468E6B /* logo@2x.png */,
				EBF3321517333DF1006D690E /* settingsIcon.png */,
				EBF3321617333DF1006D690E /* settingsIcon@2x.png */,
			);
			name = Images;
			sourceTree = "<group>";
		};
		EBF33345173564F1006D690E /* Icons */ = {
			isa = PBXGroup;
			children = (
				EBF33346173564F2006D690E /* browseDirectoryIcon.png */,
				EBF33347173564F2006D690E /* browseDirectoryIcon@2x.png */,
				EBF33348173564F2006D690E /* downloadIcon.png */,
				EBF33349173564F2006D690E /* downloadIcon@2x.png */,
				EBF3334A173564F2006D690E /* dropboxDirIcon.png */,
				EBF3334B173564F2006D690E /* dropboxDirIcon@2x.png */,
				EBF3334C173564F2006D690E /* pdfFileIcon.png */,
				EBF3334D173564F2006D690E /* pdfFileIcon@2x.png */,
			);
			name = Icons;
			path = icons;
			sourceTree = "<group>";
		};
		EBF33354173564F4006D690E /* Utilities */ = {
			isa = PBXGroup;
			children = (
				EBE813F31754DC62001AC56D /* FrameAccessor.h */,
				EBE813F41754DC62001AC56D /* FrameAccessor.m */,
				EBCE27311735A42C00A63696 /* BButton */,
				EBF33355173564F4006D690E /* MBProgressHUD.h */,
				EBF33356173564F4006D690E /* MBProgressHUD.m */,
				EBE813F217540026001AC56D /* Popover Background Subclass */,
			);
			path = Utilities;
			sourceTree = "<group>";
		};
		EBF33363173564FB006D690E /* Dropbox */ = {
			isa = PBXGroup;
			children = (
				EBF33345173564F1006D690E /* Icons */,
				EBF3334E173564F2006D690E /* KioskDropboxPDFBrowserViewController.h */,
				EBF3334F173564F2006D690E /* KioskDropboxPDFBrowserViewController.m */,
				EBF33350173564F2006D690E /* KioskDropboxPDFDataController.h */,
				EBF33351173564F3006D690E /* KioskDropboxPDFDataController.m */,
				EBF33352173564F3006D690E /* KioskDropboxPDFRootViewController.h */,
				EBF33353173564F3006D690E /* KioskDropboxPDFRootViewController.m */,
				EBF3336717356BD1006D690E /* MainStoryboard_iPad.storyboard */,
				EBF3336817356BD1006D690E /* MainStoryboard_iPhone.storyboard */,
				EBF33354173564F4006D690E /* Utilities */,
			);
			name = Dropbox;
			sourceTree = "<group>";
		};
/* End PBXGroup section */

/* Begin PBXNativeTarget section */
		EB4DD128172DE5CF001D3070 /* Drop */ = {
			isa = PBXNativeTarget;
			buildConfigurationList = EB4DD14C172DE5CF001D3070 /* Build configuration list for PBXNativeTarget "Drop" */;
			buildPhases = (
				EB4DD125172DE5CF001D3070 /* Sources */,
				EB4DD126172DE5CF001D3070 /* Frameworks */,
				EB4DD127172DE5CF001D3070 /* Resources */,
			);
			buildRules = (
			);
			dependencies = (
			);
			name = Drop;
			productName = Drop;
			productReference = EB4DD129172DE5CF001D3070 /* Drop.app */;
			productType = "com.apple.product-type.application";
		};
/* End PBXNativeTarget section */

/* Begin PBXProject section */
		EB4DD121172DE5CF001D3070 /* Project object */ = {
			isa = PBXProject;
			attributes = {
				LastUpgradeCheck = 0460;
				ORGANIZATIONNAME = "Kyle Plattner";
			};
			buildConfigurationList = EB4DD124172DE5CF001D3070 /* Build configuration list for PBXProject "Drop" */;
			compatibilityVersion = "Xcode 3.2";
			developmentRegion = English;
			hasScannedForEncodings = 0;
			knownRegions = (
				en,
			);
			mainGroup = EB4DD120172DE5CF001D3070;
			productRefGroup = EB4DD12A172DE5CF001D3070 /* Products */;
			projectDirPath = "";
			projectRoot = "";
			targets = (
				EB4DD128172DE5CF001D3070 /* Drop */,
			);
		};
/* End PBXProject section */

/* Begin PBXResourcesBuildPhase section */
		EB4DD127172DE5CF001D3070 /* Resources */ = {
			isa = PBXResourcesBuildPhase;
			buildActionMask = 2147483647;
			files = (
				EB4DD137172DE5CF001D3070 /* InfoPlist.strings in Resources */,
				EB4DD13F172DE5CF001D3070 /* Default.png in Resources */,
				EB4DD141172DE5CF001D3070 /* Default@2x.png in Resources */,
				EB4DD143172DE5CF001D3070 /* Default-568h@2x.png in Resources */,
				EB4DD146172DE5CF001D3070 /* MainStoryboard.storyboard in Resources */,
				EB4DD150172DE5DF001D3070 /* icon72.png in Resources */,
				EB4DD152172DE5E2001D3070 /* icon144.png in Resources */,
				EBF3320F1731C4C1006D690E /* DroppedPinViewController.xib in Resources */,
				EBF3321717333DF1006D690E /* settingsIcon.png in Resources */,
				EBF3321817333DF1006D690E /* settingsIcon@2x.png in Resources */,
				EBF3321D17355DB4006D690E /* Default-Portrait~ipad.png in Resources */,
				EBF3321F17355DBB006D690E /* Default-Portrait@2x~ipad.png in Resources */,
				EBF3322117355DC5006D690E /* Default-Landscape~ipad.png in Resources */,
				EBF3322317355DCA006D690E /* Default-Landscape@2x~ipad.png in Resources */,
				EBF33357173564F4006D690E /* browseDirectoryIcon.png in Resources */,
				EBF33358173564F4006D690E /* browseDirectoryIcon@2x.png in Resources */,
				EBF33359173564F4006D690E /* downloadIcon.png in Resources */,
				EBF3335A173564F4006D690E /* downloadIcon@2x.png in Resources */,
				EBF3335B173564F4006D690E /* dropboxDirIcon.png in Resources */,
				EBF3335C173564F4006D690E /* dropboxDirIcon@2x.png in Resources */,
				EBF3335D173564F4006D690E /* pdfFileIcon.png in Resources */,
				EBF3335E173564F4006D690E /* pdfFileIcon@2x.png in Resources */,
				EBF3336917356BD1006D690E /* MainStoryboard_iPad.storyboard in Resources */,
				EBF3336A17356BD1006D690E /* MainStoryboard_iPhone.storyboard in Resources */,
				EBCE273C1735A42C00A63696 /* FontAwesome.ttf in Resources */,
				EBCE27441735A6F600A63696 /* README.md in Resources */,
				EBCE27451735A6F600A63696 /* release_notes.md in Resources */,
				EB1560B5173E933300468E6B /* logo.png in Resources */,
				EB1560B6173E933300468E6B /* logo@2x.png in Resources */,
				EB1560B9173E945200468E6B /* loginBkg.png in Resources */,
				EB1560BA173E945200468E6B /* loginBkg@2x.png in Resources */,
				EB1560C5173E9EBB00468E6B /* loginFieldsBkg.png in Resources */,
				EB1560C6173E9EBB00468E6B /* loginFieldsBkg@2x.png in Resources */,
				EB1560CB173EAFD000468E6B /* registerButton.png in Resources */,
				EB1560CC173EAFD000468E6B /* loginButton.png in Resources */,
				EB1560CD173EAFD000468E6B /* registerButton@2x.png in Resources */,
				EB1560CE173EAFD000468E6B /* loginButton@2x.png in Resources */,
				EB1560D1173ECA8400468E6B /* registerPageButton.png in Resources */,
				EB1560D2173ECA8400468E6B /* registerPageButton@2x.png in Resources */,
				EB1560D5173ECB5D00468E6B /* registerFieldsBkg.png in Resources */,
				EB1560D6173ECB5D00468E6B /* registerFieldsBkg@2x.png in Resources */,
				EB1560D8173ED16100468E6B /* Localizable.strings in Resources */,
				EBE813D117529F0D001AC56D /* UserPickerViewController.xib in Resources */,
				EBE813E41754001E001AC56D /* PopoverBackgroundArrowDown.png in Resources */,
				EBE813E51754001E001AC56D /* PopoverBackgroundArrowDown@2x.png in Resources */,
				EBE813E61754001E001AC56D /* PopoverBackgroundArrowDownRight.png in Resources */,
				EBE813E71754001E001AC56D /* PopoverBackgroundArrowDownRight@2x.png in Resources */,
				EBE813E81754001E001AC56D /* PopoverBackgroundArrowSide.png in Resources */,
				EBE813E91754001E001AC56D /* PopoverBackgroundArrowSide@2x.png in Resources */,
				EBE813EA1754001E001AC56D /* PopoverBackgroundArrowSideBottom.png in Resources */,
				EBE813EB1754001E001AC56D /* PopoverBackgroundArrowSideBottom@2x.png in Resources */,
				EBE813EC1754001E001AC56D /* PopoverBackgroundArrowSideTop.png in Resources */,
				EBE813ED1754001E001AC56D /* PopoverBackgroundArrowSideTop@2x.png in Resources */,
				EBE813EE1754001E001AC56D /* PopoverBackgroundArrowUp.png in Resources */,
				EBE813EF1754001E001AC56D /* PopoverBackgroundArrowUp@2x.png in Resources */,
				EBE813F01754001E001AC56D /* PopoverBackgroundArrowUpRight.png in Resources */,
				EBE813F11754001E001AC56D /* PopoverBackgroundArrowUpRight@2x.png in Resources */,
			);
			runOnlyForDeploymentPostprocessing = 0;
		};
/* End PBXResourcesBuildPhase section */

/* Begin PBXSourcesBuildPhase section */
		EB4DD125172DE5CF001D3070 /* Sources */ = {
			isa = PBXSourcesBuildPhase;
			buildActionMask = 2147483647;
			files = (
				EBE813D41753FF00001AC56D /* GIKPopoverBackgroundView.m in Sources */,
				EB4DD139172DE5CF001D3070 /* main.m in Sources */,
				EB4DD13D172DE5CF001D3070 /* AppDelegate.m in Sources */,
				EB4DD149172DE5CF001D3070 /* ViewController.m in Sources */,
				EBF3320A1731C32B006D690E /* MapViewDelegate.m in Sources */,
				EBF3320E1731C4C1006D690E /* DroppedPinViewController.m in Sources */,
				EBF3335F173564F4006D690E /* KioskDropboxPDFBrowserViewController.m in Sources */,
				EBF33360173564F4006D690E /* KioskDropboxPDFDataController.m in Sources */,
				EBF33361173564F4006D690E /* KioskDropboxPDFRootViewController.m in Sources */,
				EBF33362173564F4006D690E /* MBProgressHUD.m in Sources */,
				EBF33366173566B6006D690E /* SettingsViewController.m in Sources */,
				EBCE273A1735A42C00A63696 /* BButton.m in Sources */,
				EBCE273B1735A42C00A63696 /* NSString+FontAwesome.m in Sources */,
				EBCE273D1735A42C00A63696 /* UIColor+BButton.m in Sources */,
				EB1560B1173DA69B00468E6B /* LogInViewController.m in Sources */,
				EB1560B2173DA69B00468E6B /* SignUpViewController.m in Sources */,
				EB1560DB17402F6E00468E6B /* DropboxDelegate.m in Sources */,
				EB15611C17427D6D00468E6B /* MagicalImportFunctions.m in Sources */,
				EB15611D17427D6D00468E6B /* NSAttributeDescription+MagicalDataImport.m in Sources */,
				EB15611E17427D6D00468E6B /* NSEntityDescription+MagicalDataImport.m in Sources */,
				EB15611F17427D6D00468E6B /* NSNumber+MagicalDataImport.m in Sources */,
				EB15612017427D6D00468E6B /* NSObject+MagicalDataImport.m in Sources */,
				EB15612117427D6D00468E6B /* NSRelationshipDescription+MagicalDataImport.m in Sources */,
				EB15612217427D6D00468E6B /* NSString+MagicalDataImport.m in Sources */,
				EB15612317427D6D00468E6B /* NSManagedObject+MagicalAggregation.m in Sources */,
				EB15612417427D6D00468E6B /* NSManagedObject+MagicalDataImport.m in Sources */,
				EB15612517427D6D00468E6B /* NSManagedObject+MagicalFinders.m in Sources */,
				EB15612617427D6D00468E6B /* NSManagedObject+MagicalRecord.m in Sources */,
				EB15612717427D6D00468E6B /* NSManagedObject+MagicalRequests.m in Sources */,
				EB15612817427D6D00468E6B /* NSManagedObjectContext+MagicalObserving.m in Sources */,
				EB15612917427D6D00468E6B /* NSManagedObjectContext+MagicalRecord.m in Sources */,
				EB15612A17427D6D00468E6B /* NSManagedObjectContext+MagicalSaves.m in Sources */,
				EB15612B17427D6D00468E6B /* NSManagedObjectContext+MagicalThreading.m in Sources */,
				EB15612C17427D6D00468E6B /* NSManagedObjectModel+MagicalRecord.m in Sources */,
				EB15612D17427D6D00468E6B /* NSPersistentStore+MagicalRecord.m in Sources */,
				EB15612E17427D6D00468E6B /* NSPersistentStoreCoordinator+MagicalRecord.m in Sources */,
				EB15612F17427D6D00468E6B /* MagicalRecord+Actions.m in Sources */,
				EB15613017427D6D00468E6B /* MagicalRecord+ErrorHandling.m in Sources */,
				EB15613117427D6D00468E6B /* MagicalRecord+iCloud.m in Sources */,
				EB15613217427D6D00468E6B /* MagicalRecord+Options.m in Sources */,
				EB15613317427D6D00468E6B /* MagicalRecord+Setup.m in Sources */,
				EB15613417427D6D00468E6B /* MagicalRecord+ShorthandSupport.m in Sources */,
				EB15613517427D6D00468E6B /* MagicalRecord.m in Sources */,
				EB15613617427D6D00468E6B /* NPReachability.m in Sources */,
				EB15613E17427D8E00468E6B /* FTAParseSync.m in Sources */,
				EB15613F17427D8E00468E6B /* FTASyncHandler.m in Sources */,
				EB15614017427D8E00468E6B /* FTASyncParent.m in Sources */,
				EB15614517427DF400468E6B /* _FTASyncParent.m in Sources */,
				EB1561481742C5AC00468E6B /* Model.xcdatamodeld in Sources */,
				EB0251D4174450C20036527B /* Drop.m in Sources */,
				EBFFF6271748674A00BCDB33 /* PreviewController.m in Sources */,
				EBE813CD17529F0D001AC56D /* UserBubbleColor.m in Sources */,
				EBE813CE17529F0D001AC56D /* UserBubble.m in Sources */,
				EBE813CF17529F0D001AC56D /* UserPickerView.m in Sources */,
				EBE813D017529F0D001AC56D /* UserPickerViewController.m in Sources */,
				EBE813F51754DC62001AC56D /* FrameAccessor.m in Sources */,
			);
			runOnlyForDeploymentPostprocessing = 0;
		};
/* End PBXSourcesBuildPhase section */

/* Begin PBXVariantGroup section */
		EB4DD135172DE5CF001D3070 /* InfoPlist.strings */ = {
			isa = PBXVariantGroup;
			children = (
				EB4DD136172DE5CF001D3070 /* en */,
			);
			name = InfoPlist.strings;
			sourceTree = "<group>";
		};
		EB4DD144172DE5CF001D3070 /* MainStoryboard.storyboard */ = {
			isa = PBXVariantGroup;
			children = (
				EB4DD145172DE5CF001D3070 /* en */,
			);
			name = MainStoryboard.storyboard;
			sourceTree = "<group>";
		};
/* End PBXVariantGroup section */

/* Begin XCBuildConfiguration section */
		EB4DD14A172DE5CF001D3070 /* Debug */ = {
			isa = XCBuildConfiguration;
			buildSettings = {
				ALWAYS_SEARCH_USER_PATHS = NO;
				CLANG_CXX_LANGUAGE_STANDARD = "gnu++0x";
				CLANG_CXX_LIBRARY = "libc++";
				CLANG_ENABLE_OBJC_ARC = YES;
				CLANG_WARN_CONSTANT_CONVERSION = YES;
				CLANG_WARN_EMPTY_BODY = YES;
				CLANG_WARN_ENUM_CONVERSION = YES;
				CLANG_WARN_INT_CONVERSION = YES;
				CLANG_WARN__DUPLICATE_METHOD_MATCH = YES;
				"CODE_SIGN_IDENTITY[sdk=iphoneos*]" = "iPhone Developer";
				COPY_PHASE_STRIP = NO;
				GCC_C_LANGUAGE_STANDARD = gnu99;
				GCC_DYNAMIC_NO_PIC = NO;
				GCC_OPTIMIZATION_LEVEL = 0;
				GCC_PREPROCESSOR_DEFINITIONS = (
					"DEBUG=1",
					"$(inherited)",
				);
				GCC_SYMBOLS_PRIVATE_EXTERN = NO;
				GCC_WARN_ABOUT_RETURN_TYPE = YES;
				GCC_WARN_UNINITIALIZED_AUTOS = YES;
				GCC_WARN_UNUSED_VARIABLE = YES;
				IPHONEOS_DEPLOYMENT_TARGET = 6.1;
				ONLY_ACTIVE_ARCH = YES;
				SDKROOT = iphoneos;
				TARGETED_DEVICE_FAMILY = 2;
			};
			name = Debug;
		};
		EB4DD14B172DE5CF001D3070 /* Release */ = {
			isa = XCBuildConfiguration;
			buildSettings = {
				ALWAYS_SEARCH_USER_PATHS = NO;
				CLANG_CXX_LANGUAGE_STANDARD = "gnu++0x";
				CLANG_CXX_LIBRARY = "libc++";
				CLANG_ENABLE_OBJC_ARC = YES;
				CLANG_WARN_CONSTANT_CONVERSION = YES;
				CLANG_WARN_EMPTY_BODY = YES;
				CLANG_WARN_ENUM_CONVERSION = YES;
				CLANG_WARN_INT_CONVERSION = YES;
				CLANG_WARN__DUPLICATE_METHOD_MATCH = YES;
				"CODE_SIGN_IDENTITY[sdk=iphoneos*]" = "iPhone Developer";
				COPY_PHASE_STRIP = YES;
				GCC_C_LANGUAGE_STANDARD = gnu99;
				GCC_WARN_ABOUT_RETURN_TYPE = YES;
				GCC_WARN_UNINITIALIZED_AUTOS = YES;
				GCC_WARN_UNUSED_VARIABLE = YES;
				IPHONEOS_DEPLOYMENT_TARGET = 6.1;
				OTHER_CFLAGS = "-DNS_BLOCK_ASSERTIONS=1";
				SDKROOT = iphoneos;
				TARGETED_DEVICE_FAMILY = 2;
				VALIDATE_PRODUCT = YES;
			};
			name = Release;
		};
		EB4DD14D172DE5CF001D3070 /* Debug */ = {
			isa = XCBuildConfiguration;
			buildSettings = {
				FRAMEWORK_SEARCH_PATHS = (
					"$(inherited)",
					"\"$(SRCROOT)/Drop/Source/External\"",
					"\"$(SRCROOT)\"",
				);
				GCC_PRECOMPILE_PREFIX_HEADER = YES;
				GCC_PREFIX_HEADER = "Drop/Drop-Prefix.pch";
				INFOPLIST_FILE = "Drop/Drop-Info.plist";
				LIBRARY_SEARCH_PATHS = (
					"$(inherited)",
					"\"$(SRCROOT)/TestFlightSDK1.2.4\"",
				);
				PRODUCT_NAME = "$(TARGET_NAME)";
				WRAPPER_EXTENSION = app;
			};
			name = Debug;
		};
		EB4DD14E172DE5CF001D3070 /* Release */ = {
			isa = XCBuildConfiguration;
			buildSettings = {
				FRAMEWORK_SEARCH_PATHS = (
					"$(inherited)",
					"\"$(SRCROOT)/Drop/Source/External\"",
					"\"$(SRCROOT)\"",
				);
				GCC_PRECOMPILE_PREFIX_HEADER = YES;
				GCC_PREFIX_HEADER = "Drop/Drop-Prefix.pch";
				INFOPLIST_FILE = "Drop/Drop-Info.plist";
				LIBRARY_SEARCH_PATHS = (
					"$(inherited)",
					"\"$(SRCROOT)/TestFlightSDK1.2.4\"",
				);
				PRODUCT_NAME = "$(TARGET_NAME)";
				WRAPPER_EXTENSION = app;
			};
			name = Release;
		};
/* End XCBuildConfiguration section */

/* Begin XCConfigurationList section */
		EB4DD124172DE5CF001D3070 /* Build configuration list for PBXProject "Drop" */ = {
			isa = XCConfigurationList;
			buildConfigurations = (
				EB4DD14A172DE5CF001D3070 /* Debug */,
				EB4DD14B172DE5CF001D3070 /* Release */,
			);
			defaultConfigurationIsVisible = 0;
			defaultConfigurationName = Release;
		};
		EB4DD14C172DE5CF001D3070 /* Build configuration list for PBXNativeTarget "Drop" */ = {
			isa = XCConfigurationList;
			buildConfigurations = (
				EB4DD14D172DE5CF001D3070 /* Debug */,
				EB4DD14E172DE5CF001D3070 /* Release */,
			);
			defaultConfigurationIsVisible = 0;
			defaultConfigurationName = Release;
		};
/* End XCConfigurationList section */

/* Begin XCVersionGroup section */
		EB1561461742C5AC00468E6B /* Model.xcdatamodeld */ = {
			isa = XCVersionGroup;
			children = (
				EB1561471742C5AC00468E6B /* Model.xcdatamodel */,
			);
			currentVersion = EB1561471742C5AC00468E6B /* Model.xcdatamodel */;
			path = Model.xcdatamodeld;
			sourceTree = "<group>";
			versionGroupType = wrapper.xcdatamodel;
		};
/* End XCVersionGroup section */
	};
	rootObject = EB4DD121172DE5CF001D3070 /* Project object */;
}
